
Microsoft Visual Studio Solution File, Format Version 12.00
# Visual Studio Version 17
VisualStudioVersion = 17.5.002.0
MinimumVisualStudioVersion = 10.0.40219.1
Project("{9A19103F-16F7-4668-BE54-9A1E7A4F7556}") = "First Project", "First Project\First Project.csproj", "{1646EC77-F27E-4BF4-BDCF-7000342F329F}"
EndProject
Project("{FAE04EC0-301F-11D3-BF4B-00C04F79EFBC}") = "Second Project", "ConsoleApp1\Second Project.csproj", "{F48354E9-DB6D-4BC8-A566-AEC97F45E926}"
EndProject
Project("{2150E333-8FDC-42A3-9474-1A3956D46DE8}") = "Day 1", "Day 1", "{209EF395-8132-4336-8B52-C681C5DEFBE3}"
EndProject
Project("{FAE04EC0-301F-11D3-BF4B-00C04F79EFBC}") = "Third Project", "Third Project\Third Project.csproj", "{C02E04A5-40E5-4F6F-B50B-FF6664193854}"
EndProject
Project("{2150E333-8FDC-42A3-9474-1A3956D46DE8}") = "Day 2", "Day 2", "{6E9827EE-D6E0-4E03-829F-D72B32BE66C6}"
EndProject
Project("{FAE04EC0-301F-11D3-BF4B-00C04F79EFBC}") = "Project1", "Project1\Project1.csproj", "{C4D05DD3-899E-4299-8DA7-E9A3A5F4B508}"
EndProject
Project("{FAE04EC0-301F-11D3-BF4B-00C04F79EFBC}") = "Project2", "Project2\Project2.csproj", "{244DEC64-13F1-47BA-9FE9-F590900EE2E6}"
EndProject
Project("{2150E333-8FDC-42A3-9474-1A3956D46DE8}") = "Day 3", "Day 3", "{B53469D4-A2B7-4CE0-8F0B-9AF12DC468E9}"
EndProject
Project("{FAE04EC0-301F-11D3-BF4B-00C04F79EFBC}") = "Comopsition", "Comopsition\Comopsition.csproj", "{FC743EBE-2C33-48E0-A914-96D659874843}"
EndProject
Project("{FAE04EC0-301F-11D3-BF4B-00C04F79EFBC}") = "Inheritance", "Inheritance\Inheritance.csproj", "{5B5E120D-D64C-40F0-9162-640F456771FB}"
EndProject
Project("{FAE04EC0-301F-11D3-BF4B-00C04F79EFBC}") = "Inheritancepluscomp", "Inheritancepluscomp\Inheritancepluscomp.csproj", "{BF4EAB95-7711-4C8D-BD96-5C3768B4A1D7}"
EndProject
Project("{FAE04EC0-301F-11D3-BF4B-00C04F79EFBC}") = "EncapsuationPublic", "Encapsuation1\Encapsuation1.csproj", "{5350BE6D-E1AE-49E1-96F3-AE5F4CBBC477}"
EndProject
Project("{FAE04EC0-301F-11D3-BF4B-00C04F79EFBC}") = "EncapsulationPublic", "EncapsulationPublic\EncapsulationPublic.csproj", "{D15F029C-A195-4FDE-ABDA-0EC7D46428B5}"
EndProject
Project("{FAE04EC0-301F-11D3-BF4B-00C04F79EFBC}") = "EncapsulationPrivate", "EncapsulationPrivate\EncapsulationPrivate.csproj", "{52D1EE3A-41AD-4022-A29C-2DB834BBE765}"
EndProject
Project("{FAE04EC0-301F-11D3-BF4B-00C04F79EFBC}") = "EncapsulationPrivite2", "EncapsulationPrivite2\EncapsulationPrivite2.csproj", "{C7500D7D-A75F-4A68-A1C2-4D6CA6FC2123}"
EndProject
Project("{FAE04EC0-301F-11D3-BF4B-00C04F79EFBC}") = "EncapsulationPractice", "EncapsulationPractice\EncapsulationPractice.csproj", "{3B876914-9CA9-4713-B406-2ED11F43F2BB}"
EndProject
Project("{FAE04EC0-301F-11D3-BF4B-00C04F79EFBC}") = "Internal H2", "Internal H2\Internal H2.csproj", "{BB294B6C-85A6-44C7-87E1-1C0163ABB065}"
EndProject
Project("{FAE04EC0-301F-11D3-BF4B-00C04F79EFBC}") = "Internal H1", "Internal H1\Internal H1.csproj", "{3E3529FD-4C47-4A41-B946-124DF4FDEEB9}"
EndProject
Project("{2150E333-8FDC-42A3-9474-1A3956D46DE8}") = "Encapsulation", "Encapsulation", "{347296B2-A133-46EB-8E40-E76550D20CF6}"
EndProject
Project("{2150E333-8FDC-42A3-9474-1A3956D46DE8}") = "Polymorphism", "Polymorphism", "{9024BF72-665F-4F35-B451-0FDF3494AB43}"
EndProject
Project("{FAE04EC0-301F-11D3-BF4B-00C04F79EFBC}") = "Overriding", "Overriding\Overriding.csproj", "{F867A5F1-653B-4E4B-919B-B6CDA492F2C7}"
EndProject
Project("{FAE04EC0-301F-11D3-BF4B-00C04F79EFBC}") = "Overloading", "Overloading\Overloading.csproj", "{25E40877-EDB0-449D-B24D-815D837A4E7E}"
EndProject
Project("{2150E333-8FDC-42A3-9474-1A3956D46DE8}") = "Day 4", "Day 4", "{5C484F35-BEB6-4C58-9C37-64C710BA7F50}"
EndProject
Project("{2150E333-8FDC-42A3-9474-1A3956D46DE8}") = "Day 5", "Day 5", "{42624AD2-865C-47EF-A333-1EA9080903AB}"
EndProject
Project("{FAE04EC0-301F-11D3-BF4B-00C04F79EFBC}") = "ValuetypeandRefernce", "ValuetypeandRefernce\ValuetypeandRefernce.csproj", "{4BA718CB-A82B-472C-800B-853D531E686B}"
EndProject
Project("{FAE04EC0-301F-11D3-BF4B-00C04F79EFBC}") = "Abstraction", "Abstraction\Abstraction.csproj", "{E4138C4A-2A46-4B87-8644-4D5E586D5D94}"
EndProject
Project("{FAE04EC0-301F-11D3-BF4B-00C04F79EFBC}") = "CobaCoba", "CobaCoba\CobaCoba.csproj", "{0F6F5789-6663-4D96-9A45-DB57ABB3F081}"
EndProject
Project("{FAE04EC0-301F-11D3-BF4B-00C04F79EFBC}") = "Interface", "Interface\Interface.csproj", "{07E7BCCE-9313-4407-834D-B0084092A38F}"
EndProject
Project("{2150E333-8FDC-42A3-9474-1A3956D46DE8}") = "Day 6", "Day 6", "{BA65520F-7EB0-441F-B0B0-C12863BF68E8}"
EndProject
Project("{FAE04EC0-301F-11D3-BF4B-00C04F79EFBC}") = "AutoProperty", "AutoProperty\AutoProperty.csproj", "{03B3D82E-C650-484F-BB05-4492780CF302}"
EndProject
Project("{FAE04EC0-301F-11D3-BF4B-00C04F79EFBC}") = "InterfacePlusProperty", "InterfacePlusProperty\InterfacePlusProperty.csproj", "{BC8D135E-5B22-443C-87B5-FC2ABDDA1DE0}"
EndProject
Project("{FAE04EC0-301F-11D3-BF4B-00C04F79EFBC}") = "Static", "Static\Static.csproj", "{3F8A6193-5EBB-432C-9FD4-234B298A60F3}"
EndProject
Project("{FAE04EC0-301F-11D3-BF4B-00C04F79EFBC}") = "String Builder", "String Builder\String Builder.csproj", "{E2725AA6-B17B-4D12-990F-B0A1005A98D7}"
EndProject
Project("{FAE04EC0-301F-11D3-BF4B-00C04F79EFBC}") = "Var", "Var\Var.csproj", "{2077430A-D7F8-4BAC-95AC-CDBC9E9DF4CC}"
EndProject
Project("{FAE04EC0-301F-11D3-BF4B-00C04F79EFBC}") = "Object", "Object\Object.csproj", "{09510A42-EE17-4492-8708-4866B24D8F31}"
EndProject
Project("{2150E333-8FDC-42A3-9474-1A3956D46DE8}") = "Day 7", "Day 7", "{B8C43090-F2AA-4AC2-93A3-CC8F1F2B986E}"
EndProject
Project("{FAE04EC0-301F-11D3-BF4B-00C04F79EFBC}") = "Generic", "FooBar\FooBar.csproj", "{7319582E-B2D3-4F47-8EEB-8501A013A574}"
EndProject
Project("{FAE04EC0-301F-11D3-BF4B-00C04F79EFBC}") = "Genericcc", "Genericcc\Genericcc.csproj", "{7A9849B9-8C4A-4F08-B72F-9AD37CB6AC54}"
EndProject
Project("{FAE04EC0-301F-11D3-BF4B-00C04F79EFBC}") = "Calculator Generic", "Calculator Generic\Calculator Generic.csproj", "{CE5701DC-BF48-45FC-8D07-817149ED5926}"
EndProject
Project("{FAE04EC0-301F-11D3-BF4B-00C04F79EFBC}") = "OperatorOverloading", "OperatorOverloading\OperatorOverloading.csproj", "{56AC03C3-5E7D-49DD-ABB7-510A0FC394A6}"
EndProject
Project("{FAE04EC0-301F-11D3-BF4B-00C04F79EFBC}") = "TgsFobar", "TgsFobar\TgsFobar.csproj", "{40F8C47C-72DB-4F94-BFFC-791D901877A7}"
EndProject
Project("{FAE04EC0-301F-11D3-BF4B-00C04F79EFBC}") = "DegelegateTry", "DegelegateTry\DegelegateTry.csproj", "{0C647531-00BF-4FEB-8837-5049A53DA39C}"
EndProject
Global
	GlobalSection(SolutionConfigurationPlatforms) = preSolution
		Debug|Any CPU = Debug|Any CPU
		Release|Any CPU = Release|Any CPU
	EndGlobalSection
	GlobalSection(ProjectConfigurationPlatforms) = postSolution
		{1646EC77-F27E-4BF4-BDCF-7000342F329F}.Debug|Any CPU.ActiveCfg = Debug|Any CPU
		{1646EC77-F27E-4BF4-BDCF-7000342F329F}.Debug|Any CPU.Build.0 = Debug|Any CPU
		{1646EC77-F27E-4BF4-BDCF-7000342F329F}.Release|Any CPU.ActiveCfg = Release|Any CPU
		{1646EC77-F27E-4BF4-BDCF-7000342F329F}.Release|Any CPU.Build.0 = Release|Any CPU
		{F48354E9-DB6D-4BC8-A566-AEC97F45E926}.Debug|Any CPU.ActiveCfg = Debug|Any CPU
		{F48354E9-DB6D-4BC8-A566-AEC97F45E926}.Debug|Any CPU.Build.0 = Debug|Any CPU
		{F48354E9-DB6D-4BC8-A566-AEC97F45E926}.Release|Any CPU.ActiveCfg = Release|Any CPU
		{F48354E9-DB6D-4BC8-A566-AEC97F45E926}.Release|Any CPU.Build.0 = Release|Any CPU
		{C02E04A5-40E5-4F6F-B50B-FF6664193854}.Debug|Any CPU.ActiveCfg = Debug|Any CPU
		{C02E04A5-40E5-4F6F-B50B-FF6664193854}.Debug|Any CPU.Build.0 = Debug|Any CPU
		{C02E04A5-40E5-4F6F-B50B-FF6664193854}.Release|Any CPU.ActiveCfg = Release|Any CPU
		{C02E04A5-40E5-4F6F-B50B-FF6664193854}.Release|Any CPU.Build.0 = Release|Any CPU
		{C4D05DD3-899E-4299-8DA7-E9A3A5F4B508}.Debug|Any CPU.ActiveCfg = Debug|Any CPU
		{C4D05DD3-899E-4299-8DA7-E9A3A5F4B508}.Debug|Any CPU.Build.0 = Debug|Any CPU
		{C4D05DD3-899E-4299-8DA7-E9A3A5F4B508}.Release|Any CPU.ActiveCfg = Release|Any CPU
		{C4D05DD3-899E-4299-8DA7-E9A3A5F4B508}.Release|Any CPU.Build.0 = Release|Any CPU
		{244DEC64-13F1-47BA-9FE9-F590900EE2E6}.Debug|Any CPU.ActiveCfg = Debug|Any CPU
		{244DEC64-13F1-47BA-9FE9-F590900EE2E6}.Debug|Any CPU.Build.0 = Debug|Any CPU
		{244DEC64-13F1-47BA-9FE9-F590900EE2E6}.Release|Any CPU.ActiveCfg = Release|Any CPU
		{244DEC64-13F1-47BA-9FE9-F590900EE2E6}.Release|Any CPU.Build.0 = Release|Any CPU
		{FC743EBE-2C33-48E0-A914-96D659874843}.Debug|Any CPU.ActiveCfg = Debug|Any CPU
		{FC743EBE-2C33-48E0-A914-96D659874843}.Debug|Any CPU.Build.0 = Debug|Any CPU
		{FC743EBE-2C33-48E0-A914-96D659874843}.Release|Any CPU.ActiveCfg = Release|Any CPU
		{FC743EBE-2C33-48E0-A914-96D659874843}.Release|Any CPU.Build.0 = Release|Any CPU
		{5B5E120D-D64C-40F0-9162-640F456771FB}.Debug|Any CPU.ActiveCfg = Debug|Any CPU
		{5B5E120D-D64C-40F0-9162-640F456771FB}.Debug|Any CPU.Build.0 = Debug|Any CPU
		{5B5E120D-D64C-40F0-9162-640F456771FB}.Release|Any CPU.ActiveCfg = Release|Any CPU
		{5B5E120D-D64C-40F0-9162-640F456771FB}.Release|Any CPU.Build.0 = Release|Any CPU
		{BF4EAB95-7711-4C8D-BD96-5C3768B4A1D7}.Debug|Any CPU.ActiveCfg = Debug|Any CPU
		{BF4EAB95-7711-4C8D-BD96-5C3768B4A1D7}.Debug|Any CPU.Build.0 = Debug|Any CPU
		{BF4EAB95-7711-4C8D-BD96-5C3768B4A1D7}.Release|Any CPU.ActiveCfg = Release|Any CPU
		{BF4EAB95-7711-4C8D-BD96-5C3768B4A1D7}.Release|Any CPU.Build.0 = Release|Any CPU
		{5350BE6D-E1AE-49E1-96F3-AE5F4CBBC477}.Debug|Any CPU.ActiveCfg = Debug|Any CPU
		{5350BE6D-E1AE-49E1-96F3-AE5F4CBBC477}.Debug|Any CPU.Build.0 = Debug|Any CPU
		{5350BE6D-E1AE-49E1-96F3-AE5F4CBBC477}.Release|Any CPU.ActiveCfg = Release|Any CPU
		{5350BE6D-E1AE-49E1-96F3-AE5F4CBBC477}.Release|Any CPU.Build.0 = Release|Any CPU
		{D15F029C-A195-4FDE-ABDA-0EC7D46428B5}.Debug|Any CPU.ActiveCfg = Debug|Any CPU
		{D15F029C-A195-4FDE-ABDA-0EC7D46428B5}.Debug|Any CPU.Build.0 = Debug|Any CPU
		{D15F029C-A195-4FDE-ABDA-0EC7D46428B5}.Release|Any CPU.ActiveCfg = Release|Any CPU
		{D15F029C-A195-4FDE-ABDA-0EC7D46428B5}.Release|Any CPU.Build.0 = Release|Any CPU
		{52D1EE3A-41AD-4022-A29C-2DB834BBE765}.Debug|Any CPU.ActiveCfg = Debug|Any CPU
		{52D1EE3A-41AD-4022-A29C-2DB834BBE765}.Debug|Any CPU.Build.0 = Debug|Any CPU
		{52D1EE3A-41AD-4022-A29C-2DB834BBE765}.Release|Any CPU.ActiveCfg = Release|Any CPU
		{52D1EE3A-41AD-4022-A29C-2DB834BBE765}.Release|Any CPU.Build.0 = Release|Any CPU
		{C7500D7D-A75F-4A68-A1C2-4D6CA6FC2123}.Debug|Any CPU.ActiveCfg = Debug|Any CPU
		{C7500D7D-A75F-4A68-A1C2-4D6CA6FC2123}.Debug|Any CPU.Build.0 = Debug|Any CPU
		{C7500D7D-A75F-4A68-A1C2-4D6CA6FC2123}.Release|Any CPU.ActiveCfg = Release|Any CPU
		{C7500D7D-A75F-4A68-A1C2-4D6CA6FC2123}.Release|Any CPU.Build.0 = Release|Any CPU
		{3B876914-9CA9-4713-B406-2ED11F43F2BB}.Debug|Any CPU.ActiveCfg = Debug|Any CPU
		{3B876914-9CA9-4713-B406-2ED11F43F2BB}.Debug|Any CPU.Build.0 = Debug|Any CPU
		{3B876914-9CA9-4713-B406-2ED11F43F2BB}.Release|Any CPU.ActiveCfg = Release|Any CPU
		{3B876914-9CA9-4713-B406-2ED11F43F2BB}.Release|Any CPU.Build.0 = Release|Any CPU
		{BB294B6C-85A6-44C7-87E1-1C0163ABB065}.Debug|Any CPU.ActiveCfg = Debug|Any CPU
		{BB294B6C-85A6-44C7-87E1-1C0163ABB065}.Debug|Any CPU.Build.0 = Debug|Any CPU
		{BB294B6C-85A6-44C7-87E1-1C0163ABB065}.Release|Any CPU.ActiveCfg = Release|Any CPU
		{BB294B6C-85A6-44C7-87E1-1C0163ABB065}.Release|Any CPU.Build.0 = Release|Any CPU
		{3E3529FD-4C47-4A41-B946-124DF4FDEEB9}.Debug|Any CPU.ActiveCfg = Debug|Any CPU
		{3E3529FD-4C47-4A41-B946-124DF4FDEEB9}.Debug|Any CPU.Build.0 = Debug|Any CPU
		{3E3529FD-4C47-4A41-B946-124DF4FDEEB9}.Release|Any CPU.ActiveCfg = Release|Any CPU
		{3E3529FD-4C47-4A41-B946-124DF4FDEEB9}.Release|Any CPU.Build.0 = Release|Any CPU
		{F867A5F1-653B-4E4B-919B-B6CDA492F2C7}.Debug|Any CPU.ActiveCfg = Debug|Any CPU
		{F867A5F1-653B-4E4B-919B-B6CDA492F2C7}.Debug|Any CPU.Build.0 = Debug|Any CPU
		{F867A5F1-653B-4E4B-919B-B6CDA492F2C7}.Release|Any CPU.ActiveCfg = Release|Any CPU
		{F867A5F1-653B-4E4B-919B-B6CDA492F2C7}.Release|Any CPU.Build.0 = Release|Any CPU
		{25E40877-EDB0-449D-B24D-815D837A4E7E}.Debug|Any CPU.ActiveCfg = Debug|Any CPU
		{25E40877-EDB0-449D-B24D-815D837A4E7E}.Debug|Any CPU.Build.0 = Debug|Any CPU
		{25E40877-EDB0-449D-B24D-815D837A4E7E}.Release|Any CPU.ActiveCfg = Release|Any CPU
		{25E40877-EDB0-449D-B24D-815D837A4E7E}.Release|Any CPU.Build.0 = Release|Any CPU
		{4BA718CB-A82B-472C-800B-853D531E686B}.Debug|Any CPU.ActiveCfg = Debug|Any CPU
		{4BA718CB-A82B-472C-800B-853D531E686B}.Debug|Any CPU.Build.0 = Debug|Any CPU
		{4BA718CB-A82B-472C-800B-853D531E686B}.Release|Any CPU.ActiveCfg = Release|Any CPU
		{4BA718CB-A82B-472C-800B-853D531E686B}.Release|Any CPU.Build.0 = Release|Any CPU
		{E4138C4A-2A46-4B87-8644-4D5E586D5D94}.Debug|Any CPU.ActiveCfg = Debug|Any CPU
		{E4138C4A-2A46-4B87-8644-4D5E586D5D94}.Debug|Any CPU.Build.0 = Debug|Any CPU
		{E4138C4A-2A46-4B87-8644-4D5E586D5D94}.Release|Any CPU.ActiveCfg = Release|Any CPU
		{E4138C4A-2A46-4B87-8644-4D5E586D5D94}.Release|Any CPU.Build.0 = Release|Any CPU
		{0F6F5789-6663-4D96-9A45-DB57ABB3F081}.Debug|Any CPU.ActiveCfg = Debug|Any CPU
		{0F6F5789-6663-4D96-9A45-DB57ABB3F081}.Debug|Any CPU.Build.0 = Debug|Any CPU
		{0F6F5789-6663-4D96-9A45-DB57ABB3F081}.Release|Any CPU.ActiveCfg = Release|Any CPU
		{0F6F5789-6663-4D96-9A45-DB57ABB3F081}.Release|Any CPU.Build.0 = Release|Any CPU
		{07E7BCCE-9313-4407-834D-B0084092A38F}.Debug|Any CPU.ActiveCfg = Debug|Any CPU
		{07E7BCCE-9313-4407-834D-B0084092A38F}.Debug|Any CPU.Build.0 = Debug|Any CPU
		{07E7BCCE-9313-4407-834D-B0084092A38F}.Release|Any CPU.ActiveCfg = Release|Any CPU
		{07E7BCCE-9313-4407-834D-B0084092A38F}.Release|Any CPU.Build.0 = Release|Any CPU
		{03B3D82E-C650-484F-BB05-4492780CF302}.Debug|Any CPU.ActiveCfg = Debug|Any CPU
		{03B3D82E-C650-484F-BB05-4492780CF302}.Debug|Any CPU.Build.0 = Debug|Any CPU
		{03B3D82E-C650-484F-BB05-4492780CF302}.Release|Any CPU.ActiveCfg = Release|Any CPU
		{03B3D82E-C650-484F-BB05-4492780CF302}.Release|Any CPU.Build.0 = Release|Any CPU
		{BC8D135E-5B22-443C-87B5-FC2ABDDA1DE0}.Debug|Any CPU.ActiveCfg = Debug|Any CPU
		{BC8D135E-5B22-443C-87B5-FC2ABDDA1DE0}.Debug|Any CPU.Build.0 = Debug|Any CPU
		{BC8D135E-5B22-443C-87B5-FC2ABDDA1DE0}.Release|Any CPU.ActiveCfg = Release|Any CPU
		{BC8D135E-5B22-443C-87B5-FC2ABDDA1DE0}.Release|Any CPU.Build.0 = Release|Any CPU
		{3F8A6193-5EBB-432C-9FD4-234B298A60F3}.Debug|Any CPU.ActiveCfg = Debug|Any CPU
		{3F8A6193-5EBB-432C-9FD4-234B298A60F3}.Debug|Any CPU.Build.0 = Debug|Any CPU
		{3F8A6193-5EBB-432C-9FD4-234B298A60F3}.Release|Any CPU.ActiveCfg = Release|Any CPU
		{3F8A6193-5EBB-432C-9FD4-234B298A60F3}.Release|Any CPU.Build.0 = Release|Any CPU
		{E2725AA6-B17B-4D12-990F-B0A1005A98D7}.Debug|Any CPU.ActiveCfg = Debug|Any CPU
		{E2725AA6-B17B-4D12-990F-B0A1005A98D7}.Debug|Any CPU.Build.0 = Debug|Any CPU
		{E2725AA6-B17B-4D12-990F-B0A1005A98D7}.Release|Any CPU.ActiveCfg = Release|Any CPU
		{E2725AA6-B17B-4D12-990F-B0A1005A98D7}.Release|Any CPU.Build.0 = Release|Any CPU
		{2077430A-D7F8-4BAC-95AC-CDBC9E9DF4CC}.Debug|Any CPU.ActiveCfg = Debug|Any CPU
		{2077430A-D7F8-4BAC-95AC-CDBC9E9DF4CC}.Debug|Any CPU.Build.0 = Debug|Any CPU
		{2077430A-D7F8-4BAC-95AC-CDBC9E9DF4CC}.Release|Any CPU.ActiveCfg = Release|Any CPU
		{2077430A-D7F8-4BAC-95AC-CDBC9E9DF4CC}.Release|Any CPU.Build.0 = Release|Any CPU
		{09510A42-EE17-4492-8708-4866B24D8F31}.Debug|Any CPU.ActiveCfg = Debug|Any CPU
		{09510A42-EE17-4492-8708-4866B24D8F31}.Debug|Any CPU.Build.0 = Debug|Any CPU
		{09510A42-EE17-4492-8708-4866B24D8F31}.Release|Any CPU.ActiveCfg = Release|Any CPU
		{09510A42-EE17-4492-8708-4866B24D8F31}.Release|Any CPU.Build.0 = Release|Any CPU
		{7319582E-B2D3-4F47-8EEB-8501A013A574}.Debug|Any CPU.ActiveCfg = Debug|Any CPU
		{7319582E-B2D3-4F47-8EEB-8501A013A574}.Debug|Any CPU.Build.0 = Debug|Any CPU
		{7319582E-B2D3-4F47-8EEB-8501A013A574}.Release|Any CPU.ActiveCfg = Release|Any CPU
		{7319582E-B2D3-4F47-8EEB-8501A013A574}.Release|Any CPU.Build.0 = Release|Any CPU
		{7A9849B9-8C4A-4F08-B72F-9AD37CB6AC54}.Debug|Any CPU.ActiveCfg = Debug|Any CPU
		{7A9849B9-8C4A-4F08-B72F-9AD37CB6AC54}.Debug|Any CPU.Build.0 = Debug|Any CPU
		{7A9849B9-8C4A-4F08-B72F-9AD37CB6AC54}.Release|Any CPU.ActiveCfg = Release|Any CPU
		{7A9849B9-8C4A-4F08-B72F-9AD37CB6AC54}.Release|Any CPU.Build.0 = Release|Any CPU
		{CE5701DC-BF48-45FC-8D07-817149ED5926}.Debug|Any CPU.ActiveCfg = Debug|Any CPU
		{CE5701DC-BF48-45FC-8D07-817149ED5926}.Debug|Any CPU.Build.0 = Debug|Any CPU
		{CE5701DC-BF48-45FC-8D07-817149ED5926}.Release|Any CPU.ActiveCfg = Release|Any CPU
		{CE5701DC-BF48-45FC-8D07-817149ED5926}.Release|Any CPU.Build.0 = Release|Any CPU
		{56AC03C3-5E7D-49DD-ABB7-510A0FC394A6}.Debug|Any CPU.ActiveCfg = Debug|Any CPU
		{56AC03C3-5E7D-49DD-ABB7-510A0FC394A6}.Debug|Any CPU.Build.0 = Debug|Any CPU
		{56AC03C3-5E7D-49DD-ABB7-510A0FC394A6}.Release|Any CPU.ActiveCfg = Release|Any CPU
		{56AC03C3-5E7D-49DD-ABB7-510A0FC394A6}.Release|Any CPU.Build.0 = Release|Any CPU
		{40F8C47C-72DB-4F94-BFFC-791D901877A7}.Debug|Any CPU.ActiveCfg = Debug|Any CPU
		{40F8C47C-72DB-4F94-BFFC-791D901877A7}.Debug|Any CPU.Build.0 = Debug|Any CPU
		{40F8C47C-72DB-4F94-BFFC-791D901877A7}.Release|Any CPU.ActiveCfg = Release|Any CPU
		{40F8C47C-72DB-4F94-BFFC-791D901877A7}.Release|Any CPU.Build.0 = Release|Any CPU
		{0C647531-00BF-4FEB-8837-5049A53DA39C}.Debug|Any CPU.ActiveCfg = Debug|Any CPU
		{0C647531-00BF-4FEB-8837-5049A53DA39C}.Debug|Any CPU.Build.0 = Debug|Any CPU
		{0C647531-00BF-4FEB-8837-5049A53DA39C}.Release|Any CPU.ActiveCfg = Release|Any CPU
		{0C647531-00BF-4FEB-8837-5049A53DA39C}.Release|Any CPU.Build.0 = Release|Any CPU
	EndGlobalSection
	GlobalSection(SolutionProperties) = preSolution
		HideSolutionNode = FALSE
	EndGlobalSection
	GlobalSection(ExtensibilityGlobals) = postSolution
		SolutionGuid = {6D95005A-EED8-46FB-A768-B798F0CB23C1}
	EndGlobalSection
	GlobalSection(NestedProjects) = preSolution
		{56AC03C3-5E7D-49DD-ABB7-510A0FC394A6} = {B8C43090-F2AA-4AC2-93A3-CC8F1F2B986E}
		{7A9849B9-8C4A-4F08-B72F-9AD37CB6AC54} = {B8C43090-F2AA-4AC2-93A3-CC8F1F2B986E}
		{7319582E-B2D3-4F47-8EEB-8501A013A574} = {B8C43090-F2AA-4AC2-93A3-CC8F1F2B986E}
		{0C647531-00BF-4FEB-8837-5049A53DA39C} = {B8C43090-F2AA-4AC2-93A3-CC8F1F2B986E}
		{CE5701DC-BF48-45FC-8D07-817149ED5926} = {B8C43090-F2AA-4AC2-93A3-CC8F1F2B986E}
		{2077430A-D7F8-4BAC-95AC-CDBC9E9DF4CC} = {BA65520F-7EB0-441F-B0B0-C12863BF68E8}
		{E2725AA6-B17B-4D12-990F-B0A1005A98D7} = {BA65520F-7EB0-441F-B0B0-C12863BF68E8}
		{09510A42-EE17-4492-8708-4866B24D8F31} = {BA65520F-7EB0-441F-B0B0-C12863BF68E8}
		{3F8A6193-5EBB-432C-9FD4-234B298A60F3} = {BA65520F-7EB0-441F-B0B0-C12863BF68E8}
		{BC8D135E-5B22-443C-87B5-FC2ABDDA1DE0} = {BA65520F-7EB0-441F-B0B0-C12863BF68E8}
		{03B3D82E-C650-484F-BB05-4492780CF302} = {BA65520F-7EB0-441F-B0B0-C12863BF68E8}
		{07E7BCCE-9313-4407-834D-B0084092A38F} = {42624AD2-865C-47EF-A333-1EA9080903AB}
		{0F6F5789-6663-4D96-9A45-DB57ABB3F081} = {42624AD2-865C-47EF-A333-1EA9080903AB}
		{E4138C4A-2A46-4B87-8644-4D5E586D5D94} = {42624AD2-865C-47EF-A333-1EA9080903AB}
		{4BA718CB-A82B-472C-800B-853D531E686B} = {42624AD2-865C-47EF-A333-1EA9080903AB}
		{F867A5F1-653B-4E4B-919B-B6CDA492F2C7} = {5C484F35-BEB6-4C58-9C37-64C710BA7F50}
		{25E40877-EDB0-449D-B24D-815D837A4E7E} = {5C484F35-BEB6-4C58-9C37-64C710BA7F50}
		{5350BE6D-E1AE-49E1-96F3-AE5F4CBBC477} = {B53469D4-A2B7-4CE0-8F0B-9AF12DC468E9}
		{9024BF72-665F-4F35-B451-0FDF3494AB43} = {9024BF72-665F-4F35-B451-0FDF3494AB43}
		{BB294B6C-85A6-44C7-87E1-1C0163ABB065} = {347296B2-A133-46EB-8E40-E76550D20CF6}
		{3E3529FD-4C47-4A41-B946-124DF4FDEEB9} = {347296B2-A133-46EB-8E40-E76550D20CF6}
		{D15F029C-A195-4FDE-ABDA-0EC7D46428B5} = {347296B2-A133-46EB-8E40-E76550D20CF6}
		{C7500D7D-A75F-4A68-A1C2-4D6CA6FC2123} = {347296B2-A133-46EB-8E40-E76550D20CF6}
		{52D1EE3A-41AD-4022-A29C-2DB834BBE765} = {347296B2-A133-46EB-8E40-E76550D20CF6}
		{3B876914-9CA9-4713-B406-2ED11F43F2BB} = {347296B2-A133-46EB-8E40-E76550D20CF6}
		{347296B2-A133-46EB-8E40-E76550D20CF6} = {B53469D4-A2B7-4CE0-8F0B-9AF12DC468E9}
		{BF4EAB95-7711-4C8D-BD96-5C3768B4A1D7} = {B53469D4-A2B7-4CE0-8F0B-9AF12DC468E9}
		{FC743EBE-2C33-48E0-A914-96D659874843} = {B53469D4-A2B7-4CE0-8F0B-9AF12DC468E9}
		{5B5E120D-D64C-40F0-9162-640F456771FB} = {B53469D4-A2B7-4CE0-8F0B-9AF12DC468E9}
		{244DEC64-13F1-47BA-9FE9-F590900EE2E6} = {6E9827EE-D6E0-4E03-829F-D72B32BE66C6}
		{C4D05DD3-899E-4299-8DA7-E9A3A5F4B508} = {6E9827EE-D6E0-4E03-829F-D72B32BE66C6}
		{C02E04A5-40E5-4F6F-B50B-FF6664193854} = {209EF395-8132-4336-8B52-C681C5DEFBE3}
		{F48354E9-DB6D-4BC8-A566-AEC97F45E926} = {209EF395-8132-4336-8B52-C681C5DEFBE3}
		{1646EC77-F27E-4BF4-BDCF-7000342F329F} = {209EF395-8132-4336-8B52-C681C5DEFBE3}
	EndGlobalSection
EndGlobal
