
Microsoft Visual Studio Solution File, Format Version 12.00
# Visual Studio Version 17
VisualStudioVersion = 17.5.002.0
MinimumVisualStudioVersion = 10.0.40219.1
Project("{9A19103F-16F7-4668-BE54-9A1E7A4F7556}") = "First Project", "First Project\First Project.csproj", "{1646EC77-F27E-4BF4-BDCF-7000342F329F}"
EndProject
Project("{FAE04EC0-301F-11D3-BF4B-00C04F79EFBC}") = "Second Project", "ConsoleApp1\Second Project.csproj", "{F48354E9-DB6D-4BC8-A566-AEC97F45E926}"
EndProject
Project("{2150E333-8FDC-42A3-9474-1A3956D46DE8}") = "Day 1", "Day 1", "{209EF395-8132-4336-8B52-C681C5DEFBE3}"
EndProject
Project("{FAE04EC0-301F-11D3-BF4B-00C04F79EFBC}") = "Third Project", "Third Project\Third Project.csproj", "{C02E04A5-40E5-4F6F-B50B-FF6664193854}"
EndProject
Project("{2150E333-8FDC-42A3-9474-1A3956D46DE8}") = "Day 2", "Day 2", "{6E9827EE-D6E0-4E03-829F-D72B32BE66C6}"
EndProject
Project("{FAE04EC0-301F-11D3-BF4B-00C04F79EFBC}") = "Project1", "Project1\Project1.csproj", "{C4D05DD3-899E-4299-8DA7-E9A3A5F4B508}"
EndProject
Project("{FAE04EC0-301F-11D3-BF4B-00C04F79EFBC}") = "Project2", "Project2\Project2.csproj", "{244DEC64-13F1-47BA-9FE9-F590900EE2E6}"
EndProject
Project("{2150E333-8FDC-42A3-9474-1A3956D46DE8}") = "Day 3", "Day 3", "{B53469D4-A2B7-4CE0-8F0B-9AF12DC468E9}"
EndProject
Project("{FAE04EC0-301F-11D3-BF4B-00C04F79EFBC}") = "Comopsition", "Comopsition\Comopsition.csproj", "{FC743EBE-2C33-48E0-A914-96D659874843}"
EndProject
Project("{FAE04EC0-301F-11D3-BF4B-00C04F79EFBC}") = "Inheritance", "Inheritance\Inheritance.csproj", "{5B5E120D-D64C-40F0-9162-640F456771FB}"
EndProject
Project("{FAE04EC0-301F-11D3-BF4B-00C04F79EFBC}") = "Inheritancepluscomp", "Inheritancepluscomp\Inheritancepluscomp.csproj", "{BF4EAB95-7711-4C8D-BD96-5C3768B4A1D7}"
EndProject
Project("{FAE04EC0-301F-11D3-BF4B-00C04F79EFBC}") = "EncapsuationPublic", "Encapsuation1\Encapsuation1.csproj", "{5350BE6D-E1AE-49E1-96F3-AE5F4CBBC477}"
EndProject
Project("{FAE04EC0-301F-11D3-BF4B-00C04F79EFBC}") = "EncapsulationPublic", "EncapsulationPublic\EncapsulationPublic.csproj", "{D15F029C-A195-4FDE-ABDA-0EC7D46428B5}"
EndProject
Project("{FAE04EC0-301F-11D3-BF4B-00C04F79EFBC}") = "EncapsulationPrivate", "EncapsulationPrivate\EncapsulationPrivate.csproj", "{52D1EE3A-41AD-4022-A29C-2DB834BBE765}"
EndProject
Project("{FAE04EC0-301F-11D3-BF4B-00C04F79EFBC}") = "EncapsulationPrivite2", "EncapsulationPrivite2\EncapsulationPrivite2.csproj", "{C7500D7D-A75F-4A68-A1C2-4D6CA6FC2123}"
EndProject
Project("{FAE04EC0-301F-11D3-BF4B-00C04F79EFBC}") = "EncapsulationPractice", "EncapsulationPractice\EncapsulationPractice.csproj", "{3B876914-9CA9-4713-B406-2ED11F43F2BB}"
EndProject
Project("{FAE04EC0-301F-11D3-BF4B-00C04F79EFBC}") = "Internal H2", "Internal H2\Internal H2.csproj", "{BB294B6C-85A6-44C7-87E1-1C0163ABB065}"
EndProject
Project("{FAE04EC0-301F-11D3-BF4B-00C04F79EFBC}") = "Internal H1", "Internal H1\Internal H1.csproj", "{3E3529FD-4C47-4A41-B946-124DF4FDEEB9}"
EndProject
Project("{2150E333-8FDC-42A3-9474-1A3956D46DE8}") = "Encapsulation", "Encapsulation", "{347296B2-A133-46EB-8E40-E76550D20CF6}"
EndProject
Project("{FAE04EC0-301F-11D3-BF4B-00C04F79EFBC}") = "Overriding", "Overriding\Overriding.csproj", "{F867A5F1-653B-4E4B-919B-B6CDA492F2C7}"
EndProject
Project("{FAE04EC0-301F-11D3-BF4B-00C04F79EFBC}") = "Overloading", "Overloading\Overloading.csproj", "{25E40877-EDB0-449D-B24D-815D837A4E7E}"
EndProject
Project("{2150E333-8FDC-42A3-9474-1A3956D46DE8}") = "Day 4", "Day 4", "{5C484F35-BEB6-4C58-9C37-64C710BA7F50}"
EndProject
Project("{2150E333-8FDC-42A3-9474-1A3956D46DE8}") = "Day 5", "Day 5", "{42624AD2-865C-47EF-A333-1EA9080903AB}"
EndProject
Project("{FAE04EC0-301F-11D3-BF4B-00C04F79EFBC}") = "ValuetypeandRefernce", "ValuetypeandRefernce\ValuetypeandRefernce.csproj", "{4BA718CB-A82B-472C-800B-853D531E686B}"
EndProject
Project("{FAE04EC0-301F-11D3-BF4B-00C04F79EFBC}") = "Abstraction", "Abstraction\Abstraction.csproj", "{E4138C4A-2A46-4B87-8644-4D5E586D5D94}"
EndProject
Project("{FAE04EC0-301F-11D3-BF4B-00C04F79EFBC}") = "CobaCoba", "CobaCoba\CobaCoba.csproj", "{0F6F5789-6663-4D96-9A45-DB57ABB3F081}"
EndProject
Project("{FAE04EC0-301F-11D3-BF4B-00C04F79EFBC}") = "Interface", "Interface\Interface.csproj", "{07E7BCCE-9313-4407-834D-B0084092A38F}"
EndProject
Project("{2150E333-8FDC-42A3-9474-1A3956D46DE8}") = "Day 6", "Day 6", "{BA65520F-7EB0-441F-B0B0-C12863BF68E8}"
EndProject
Project("{FAE04EC0-301F-11D3-BF4B-00C04F79EFBC}") = "AutoProperty", "AutoProperty\AutoProperty.csproj", "{03B3D82E-C650-484F-BB05-4492780CF302}"
EndProject
Project("{FAE04EC0-301F-11D3-BF4B-00C04F79EFBC}") = "InterfacePlusProperty", "InterfacePlusProperty\InterfacePlusProperty.csproj", "{BC8D135E-5B22-443C-87B5-FC2ABDDA1DE0}"
EndProject
Project("{FAE04EC0-301F-11D3-BF4B-00C04F79EFBC}") = "Static", "Static\Static.csproj", "{3F8A6193-5EBB-432C-9FD4-234B298A60F3}"
EndProject
Project("{FAE04EC0-301F-11D3-BF4B-00C04F79EFBC}") = "String Builder", "String Builder\String Builder.csproj", "{E2725AA6-B17B-4D12-990F-B0A1005A98D7}"
EndProject
Project("{FAE04EC0-301F-11D3-BF4B-00C04F79EFBC}") = "Var", "Var\Var.csproj", "{2077430A-D7F8-4BAC-95AC-CDBC9E9DF4CC}"
EndProject
Project("{FAE04EC0-301F-11D3-BF4B-00C04F79EFBC}") = "Object", "Object\Object.csproj", "{09510A42-EE17-4492-8708-4866B24D8F31}"
EndProject
Project("{2150E333-8FDC-42A3-9474-1A3956D46DE8}") = "Day 7", "Day 7", "{B8C43090-F2AA-4AC2-93A3-CC8F1F2B986E}"
EndProject
Project("{FAE04EC0-301F-11D3-BF4B-00C04F79EFBC}") = "Generic", "FooBar\FooBar.csproj", "{7319582E-B2D3-4F47-8EEB-8501A013A574}"
EndProject
Project("{FAE04EC0-301F-11D3-BF4B-00C04F79EFBC}") = "Genericcc", "Genericcc\Genericcc.csproj", "{7A9849B9-8C4A-4F08-B72F-9AD37CB6AC54}"
EndProject
Project("{FAE04EC0-301F-11D3-BF4B-00C04F79EFBC}") = "Calculator Generic", "Calculator Generic\Calculator Generic.csproj", "{CE5701DC-BF48-45FC-8D07-817149ED5926}"
EndProject
Project("{FAE04EC0-301F-11D3-BF4B-00C04F79EFBC}") = "OperatorOverloading", "OperatorOverloading\OperatorOverloading.csproj", "{56AC03C3-5E7D-49DD-ABB7-510A0FC394A6}"
EndProject
Project("{FAE04EC0-301F-11D3-BF4B-00C04F79EFBC}") = "TgsFobar", "TgsFobar\TgsFobar.csproj", "{40F8C47C-72DB-4F94-BFFC-791D901877A7}"
EndProject
Project("{FAE04EC0-301F-11D3-BF4B-00C04F79EFBC}") = "DegelegateTry", "DegelegateTry\DegelegateTry.csproj", "{0C647531-00BF-4FEB-8837-5049A53DA39C}"
EndProject
Project("{FAE04EC0-301F-11D3-BF4B-00C04F79EFBC}") = "ActionAndFunc", "ActionAndFunc\ActionAndFunc.csproj", "{F17D9068-A68C-468A-A5F6-780890DDA4F7}"
EndProject
Project("{FAE04EC0-301F-11D3-BF4B-00C04F79EFBC}") = "EventHandler", "EventHandler\EventHandler.csproj", "{1A922EA8-8D57-4E1F-A9E1-36DECFA0D746}"
EndProject
Project("{FAE04EC0-301F-11D3-BF4B-00C04F79EFBC}") = "DelgetePractice", "DelgetePractice\DelgetePractice.csproj", "{061099EA-7944-4E49-9743-0E83FB2A9316}"
EndProject
Project("{2150E333-8FDC-42A3-9474-1A3956D46DE8}") = "Day 8", "Day 8", "{DAEF7600-3BEE-4977-989E-471EC5A85329}"
EndProject
Project("{FAE04EC0-301F-11D3-BF4B-00C04F79EFBC}") = "ManyArrays", "ManyArrays\ManyArrays.csproj", "{4D749E17-8290-4816-A899-5B880CC34C7A}"
EndProject
Project("{FAE04EC0-301F-11D3-BF4B-00C04F79EFBC}") = "Dictionary", "Dictionary\Dictionary.csproj", "{812F16B4-E842-40A0-AA82-A7872E891260}"
EndProject
Project("{2150E333-8FDC-42A3-9474-1A3956D46DE8}") = "Day 9", "Day 9", "{9118225B-9DBC-4494-878C-B88038466FC5}"
EndProject
Project("{FAE04EC0-301F-11D3-BF4B-00C04F79EFBC}") = "ReadOnlyAndConst", "ReadOnlyAndConst\ReadOnlyAndConst.csproj", "{590BF56C-F1C3-485C-A2D3-3E066F47DE10}"
EndProject
Project("{FAE04EC0-301F-11D3-BF4B-00C04F79EFBC}") = "EnumExample1", "EnumExample1\EnumExample1.csproj", "{659BC26D-C564-418A-85B6-A324C6B0C5EE}"
EndProject
Project("{FAE04EC0-301F-11D3-BF4B-00C04F79EFBC}") = "EnumExample2", "EnumExample2\EnumExample2.csproj", "{0F08467D-8F52-4FAD-A66A-3AB8B52E7829}"
EndProject
Project("{FAE04EC0-301F-11D3-BF4B-00C04F79EFBC}") = "EnumExample3", "EnumExample3\EnumExample3.csproj", "{689D3449-9704-4B94-8E16-B1E37E5BE31E}"
EndProject
Project("{FAE04EC0-301F-11D3-BF4B-00C04F79EFBC}") = "Exception", "Exception\Exception.csproj", "{5AE9E8C6-2588-4F43-B8B0-B01CAEA2EE33}"
EndProject
Project("{FAE04EC0-301F-11D3-BF4B-00C04F79EFBC}") = "MemoryTesting", "MemoryTesting\MemoryTesting.csproj", "{7235458B-F75B-4926-81FF-A98BFBC07675}"
EndProject
Project("{FAE04EC0-301F-11D3-BF4B-00C04F79EFBC}") = "Dont Use_FinalizerOrDestructtor", "Dont Use_FinalizerOrDestructtor\Dont Use_FinalizerOrDestructtor.csproj", "{A5CCC412-E3E7-41F8-AEBE-2323D8885698}"
EndProject
Project("{FAE04EC0-301F-11D3-BF4B-00C04F79EFBC}") = "Loh works", "Loh works\Loh works.csproj", "{141E03C2-BC85-4F74-9750-A87ADFBAA823}"
EndProject
Project("{FAE04EC0-301F-11D3-BF4B-00C04F79EFBC}") = "Class with Finalizer", "Class with Finalizer\Class with Finalizer.csproj", "{5DC77DD1-77F3-4E0C-8A67-FE2AD72C919A}"
EndProject
Project("{FAE04EC0-301F-11D3-BF4B-00C04F79EFBC}") = "ClassWithoutFinalizer", "ClassWithoutFinalizer\ClassWithoutFinalizer.csproj", "{213BFE04-E543-4090-902F-7D97498E3050}"
EndProject
Project("{FAE04EC0-301F-11D3-BF4B-00C04F79EFBC}") = "DisposePatten", "DisposePatten\DisposePatten.csproj", "{25707337-2676-43A3-A69F-54DC0097AF54}"
EndProject
Project("{FAE04EC0-301F-11D3-BF4B-00C04F79EFBC}") = "StackOverFlow", "StackOverFlow\StackOverFlow.csproj", "{C5CCC042-794D-42A2-9586-4576568175FC}"
EndProject
Project("{FAE04EC0-301F-11D3-BF4B-00C04F79EFBC}") = "Highest hierarchy", "Highest hierarchy\Highest hierarchy.csproj", "{3D86C5F3-6F92-43F0-AE79-1746EC8A3EAE}"
EndProject
Project("{FAE04EC0-301F-11D3-BF4B-00C04F79EFBC}") = "Extension Method", "Extension Method\Extension Method.csproj", "{4959871F-51C5-449C-B4D9-88A523EF6A9D}"
EndProject
Project("{FAE04EC0-301F-11D3-BF4B-00C04F79EFBC}") = "Seald Works", "Seald Works\Seald Works.csproj", "{38D6B9C5-44D6-4B62-99EB-D613C47F98DF}"
EndProject
Project("{FAE04EC0-301F-11D3-BF4B-00C04F79EFBC}") = "Partial Class", "Partial Class\Partial Class.csproj", "{661AA968-441A-4650-9819-FA69A58ECE58}"
EndProject
Project("{FAE04EC0-301F-11D3-BF4B-00C04F79EFBC}") = "Calculator_TestWithDebuger", "Calculator_TestWithDebuger\Calculator_TestWithDebuger.csproj", "{D3F30343-6F78-49E9-8BC5-518C25077514}"
EndProject
Project("{FAE04EC0-301F-11D3-BF4B-00C04F79EFBC}") = "Poker", "Poker\Poker.csproj", "{548D87B4-2BA7-4F97-A96B-11DBB23426CD}"
EndProject
Project("{FAE04EC0-301F-11D3-BF4B-00C04F79EFBC}") = "Thread Example", "Thread Example\Thread Example.csproj", "{4714A584-BAD6-458E-9A51-65CBA5DEDE43}"
EndProject
Project("{FAE04EC0-301F-11D3-BF4B-00C04F79EFBC}") = "Thread With Multi Threading", "Thread With Multi Threading\Thread With Multi Threading.csproj", "{6E113E41-9CDF-485A-9B1B-FC067C83F3D1}"
EndProject
Project("{FAE04EC0-301F-11D3-BF4B-00C04F79EFBC}") = "MultiThread With IsBackground", "MultiThread With IsBackground\MultiThread With IsBackground.csproj", "{29D68968-41AA-4D8F-9AB5-017B9B2EFCBB}"
EndProject
Project("{FAE04EC0-301F-11D3-BF4B-00C04F79EFBC}") = "ThreadWithParaMeter", "ThreadWithParaMeter\ThreadWithParaMeter.csproj", "{8CAA41B6-73BB-4FE5-A44E-51CB889942C9}"
EndProject
Project("{FAE04EC0-301F-11D3-BF4B-00C04F79EFBC}") = "Thread With Retrun", "Thread With Retrun\Thread With Retrun.csproj", "{13E6731A-079F-47BE-91FD-909BC282B049}"
EndProject
Project("{FAE04EC0-301F-11D3-BF4B-00C04F79EFBC}") = "TicTacToeExample", "TicTacToeExample\TicTacToeExample.csproj", "{6523D60E-66BD-40C7-A31F-449F2B36B487}"
EndProject
Project("{FAE04EC0-301F-11D3-BF4B-00C04F79EFBC}") = "Create Task", "Create Task\Create Task.csproj", "{1B610205-9F1E-4FAD-BAEE-6649CB7CA958}"
EndProject
Project("{FAE04EC0-301F-11D3-BF4B-00C04F79EFBC}") = "Create Task 2", "Create Task 2\Create Task 2.csproj", "{AEA08D07-9226-476A-91C2-A9E0C6642B89}"
EndProject
Project("{FAE04EC0-301F-11D3-BF4B-00C04F79EFBC}") = "TaskParameter", "TaskParameter\TaskParameter.csproj", "{97652934-183F-433F-A15D-0BE1B219B5E7}"
EndProject
Project("{FAE04EC0-301F-11D3-BF4B-00C04F79EFBC}") = "TaskReturn", "TaskReturn\TaskReturn.csproj", "{4E5F4F92-1F26-4A2F-9F7A-2164D4336937}"
EndProject
Project("{FAE04EC0-301F-11D3-BF4B-00C04F79EFBC}") = "TaskBackground", "TaskBackground\TaskBackground.csproj", "{7D6855AE-ADA6-4A5B-AB0E-0A913C7F3B4B}"
EndProject
Project("{FAE04EC0-301F-11D3-BF4B-00C04F79EFBC}") = "TaskExceptionHandle", "TaskExceptionHandle\TaskExceptionHandle.csproj", "{FFA7A0E0-1DBA-471A-92F6-D65CE8A463C3}"
EndProject
Project("{FAE04EC0-301F-11D3-BF4B-00C04F79EFBC}") = "Cencelation Token", "Cencelation Token\Cencelation Token.csproj", "{704EAEE7-8117-4B36-9C23-B6F8F4AFE5FA}"
EndProject
Project("{FAE04EC0-301F-11D3-BF4B-00C04F79EFBC}") = "Cencelation Token Try", "Cencelation Token Try\Cencelation Token Try.csproj", "{541F40CB-BDAB-4FDC-A467-CD6A3E7FD589}"
EndProject
Project("{FAE04EC0-301F-11D3-BF4B-00C04F79EFBC}") = "Lock_RaceCondition", "Lock_RaceCondition\Lock_RaceCondition.csproj", "{A23F1EE2-81CF-4576-9C28-5E45BB057FF1}"
EndProject
Project("{FAE04EC0-301F-11D3-BF4B-00C04F79EFBC}") = "Semaphore", "Semaphore\Semaphore.csproj", "{3A42F9AB-FD26-42FA-A70B-1F84CE8A9602}"
EndProject
Project("{FAE04EC0-301F-11D3-BF4B-00C04F79EFBC}") = "DeadLockExample", "DeadLockExample\DeadLockExample.csproj", "{32930F2D-6F67-4E5F-82C6-5A02766CB59F}"
EndProject
Project("{FAE04EC0-301F-11D3-BF4B-00C04F79EFBC}") = "FileStreamExample", "FileStreamExample\FileStreamExample.csproj", "{8B963337-5666-458E-81EE-DC6056CB30A0}"
EndProject
Project("{FAE04EC0-301F-11D3-BF4B-00C04F79EFBC}") = "FileStreanRW", "FileStreanRW\FileStreanRW.csproj", "{3ED51772-CE66-4FED-ABFA-1B94980EC0AE}"
EndProject
Project("{FAE04EC0-301F-11D3-BF4B-00C04F79EFBC}") = "Serialization", "Serialozation\Serialozation.csproj", "{88C0BE8C-E483-487D-A097-F243262437E9}"
EndProject
Project("{FAE04EC0-301F-11D3-BF4B-00C04F79EFBC}") = "Deserialization", "Deserialization\Deserialization.csproj", "{4EBB0092-7412-4F88-96CB-35023C68F546}"
EndProject
Project("{FAE04EC0-301F-11D3-BF4B-00C04F79EFBC}") = "Serialization", "Serialization\Serialization.csproj", "{DF2EA17A-D517-4FBE-986D-D3A78516DD46}"
EndProject
Project("{FAE04EC0-301F-11D3-BF4B-00C04F79EFBC}") = "Serialization_Json", "Serialization_Json\Serialization_Json.csproj", "{D74BCDEE-A856-487E-A69D-864F8B027D97}"
EndProject
Project("{FAE04EC0-301F-11D3-BF4B-00C04F79EFBC}") = "Deserialization_Json", "Deserialization_Json\Deserialization_Json.csproj", "{D7450C58-9A56-48DB-8A06-1B8B8A627F63}"
EndProject
Project("{FAE04EC0-301F-11D3-BF4B-00C04F79EFBC}") = "DataContractSerialization", "DataContractSerialization\DataContractSerialization.csproj", "{A805BDA2-D680-4F0B-9AEB-EFD6EF7E4F81}"
EndProject
Project("{FAE04EC0-301F-11D3-BF4B-00C04F79EFBC}") = "DataContractSerialization_Json", "DataContractSerialization_Json\DataContractSerialization_Json.csproj", "{BB209B0D-AF13-4293-AB60-CEF7B8396CAB}"
EndProject
Project("{FAE04EC0-301F-11D3-BF4B-00C04F79EFBC}") = "PlayingCardMakerJSon", "PlayingCardMakerJSon\PlayingCardMakerJSon.csproj", "{1FD93393-9FB1-492B-A2C9-ACF50B83EC20}"
EndProject
Project("{FAE04EC0-301F-11D3-BF4B-00C04F79EFBC}") = "PlayingCardJsonTester", "PlayingCardJsonTester\PlayingCardJsonTester.csproj", "{495C84D7-FD3A-4EEF-A83F-87A13A74CB9C}"
EndProject
Global
	GlobalSection(SolutionConfigurationPlatforms) = preSolution
		Debug|Any CPU = Debug|Any CPU
		Release|Any CPU = Release|Any CPU
	EndGlobalSection
	GlobalSection(ProjectConfigurationPlatforms) = postSolution
		{1646EC77-F27E-4BF4-BDCF-7000342F329F}.Debug|Any CPU.ActiveCfg = Debug|Any CPU
		{1646EC77-F27E-4BF4-BDCF-7000342F329F}.Debug|Any CPU.Build.0 = Debug|Any CPU
		{1646EC77-F27E-4BF4-BDCF-7000342F329F}.Release|Any CPU.ActiveCfg = Release|Any CPU
		{1646EC77-F27E-4BF4-BDCF-7000342F329F}.Release|Any CPU.Build.0 = Release|Any CPU
		{F48354E9-DB6D-4BC8-A566-AEC97F45E926}.Debug|Any CPU.ActiveCfg = Debug|Any CPU
		{F48354E9-DB6D-4BC8-A566-AEC97F45E926}.Debug|Any CPU.Build.0 = Debug|Any CPU
		{F48354E9-DB6D-4BC8-A566-AEC97F45E926}.Release|Any CPU.ActiveCfg = Release|Any CPU
		{F48354E9-DB6D-4BC8-A566-AEC97F45E926}.Release|Any CPU.Build.0 = Release|Any CPU
		{C02E04A5-40E5-4F6F-B50B-FF6664193854}.Debug|Any CPU.ActiveCfg = Debug|Any CPU
		{C02E04A5-40E5-4F6F-B50B-FF6664193854}.Debug|Any CPU.Build.0 = Debug|Any CPU
		{C02E04A5-40E5-4F6F-B50B-FF6664193854}.Release|Any CPU.ActiveCfg = Release|Any CPU
		{C02E04A5-40E5-4F6F-B50B-FF6664193854}.Release|Any CPU.Build.0 = Release|Any CPU
		{C4D05DD3-899E-4299-8DA7-E9A3A5F4B508}.Debug|Any CPU.ActiveCfg = Debug|Any CPU
		{C4D05DD3-899E-4299-8DA7-E9A3A5F4B508}.Debug|Any CPU.Build.0 = Debug|Any CPU
		{C4D05DD3-899E-4299-8DA7-E9A3A5F4B508}.Release|Any CPU.ActiveCfg = Release|Any CPU
		{C4D05DD3-899E-4299-8DA7-E9A3A5F4B508}.Release|Any CPU.Build.0 = Release|Any CPU
		{244DEC64-13F1-47BA-9FE9-F590900EE2E6}.Debug|Any CPU.ActiveCfg = Debug|Any CPU
		{244DEC64-13F1-47BA-9FE9-F590900EE2E6}.Debug|Any CPU.Build.0 = Debug|Any CPU
		{244DEC64-13F1-47BA-9FE9-F590900EE2E6}.Release|Any CPU.ActiveCfg = Release|Any CPU
		{244DEC64-13F1-47BA-9FE9-F590900EE2E6}.Release|Any CPU.Build.0 = Release|Any CPU
		{FC743EBE-2C33-48E0-A914-96D659874843}.Debug|Any CPU.ActiveCfg = Debug|Any CPU
		{FC743EBE-2C33-48E0-A914-96D659874843}.Debug|Any CPU.Build.0 = Debug|Any CPU
		{FC743EBE-2C33-48E0-A914-96D659874843}.Release|Any CPU.ActiveCfg = Release|Any CPU
		{FC743EBE-2C33-48E0-A914-96D659874843}.Release|Any CPU.Build.0 = Release|Any CPU
		{5B5E120D-D64C-40F0-9162-640F456771FB}.Debug|Any CPU.ActiveCfg = Debug|Any CPU
		{5B5E120D-D64C-40F0-9162-640F456771FB}.Debug|Any CPU.Build.0 = Debug|Any CPU
		{5B5E120D-D64C-40F0-9162-640F456771FB}.Release|Any CPU.ActiveCfg = Release|Any CPU
		{5B5E120D-D64C-40F0-9162-640F456771FB}.Release|Any CPU.Build.0 = Release|Any CPU
		{BF4EAB95-7711-4C8D-BD96-5C3768B4A1D7}.Debug|Any CPU.ActiveCfg = Debug|Any CPU
		{BF4EAB95-7711-4C8D-BD96-5C3768B4A1D7}.Debug|Any CPU.Build.0 = Debug|Any CPU
		{BF4EAB95-7711-4C8D-BD96-5C3768B4A1D7}.Release|Any CPU.ActiveCfg = Release|Any CPU
		{BF4EAB95-7711-4C8D-BD96-5C3768B4A1D7}.Release|Any CPU.Build.0 = Release|Any CPU
		{5350BE6D-E1AE-49E1-96F3-AE5F4CBBC477}.Debug|Any CPU.ActiveCfg = Debug|Any CPU
		{5350BE6D-E1AE-49E1-96F3-AE5F4CBBC477}.Debug|Any CPU.Build.0 = Debug|Any CPU
		{5350BE6D-E1AE-49E1-96F3-AE5F4CBBC477}.Release|Any CPU.ActiveCfg = Release|Any CPU
		{5350BE6D-E1AE-49E1-96F3-AE5F4CBBC477}.Release|Any CPU.Build.0 = Release|Any CPU
		{D15F029C-A195-4FDE-ABDA-0EC7D46428B5}.Debug|Any CPU.ActiveCfg = Debug|Any CPU
		{D15F029C-A195-4FDE-ABDA-0EC7D46428B5}.Debug|Any CPU.Build.0 = Debug|Any CPU
		{D15F029C-A195-4FDE-ABDA-0EC7D46428B5}.Release|Any CPU.ActiveCfg = Release|Any CPU
		{D15F029C-A195-4FDE-ABDA-0EC7D46428B5}.Release|Any CPU.Build.0 = Release|Any CPU
		{52D1EE3A-41AD-4022-A29C-2DB834BBE765}.Debug|Any CPU.ActiveCfg = Debug|Any CPU
		{52D1EE3A-41AD-4022-A29C-2DB834BBE765}.Debug|Any CPU.Build.0 = Debug|Any CPU
		{52D1EE3A-41AD-4022-A29C-2DB834BBE765}.Release|Any CPU.ActiveCfg = Release|Any CPU
		{52D1EE3A-41AD-4022-A29C-2DB834BBE765}.Release|Any CPU.Build.0 = Release|Any CPU
		{C7500D7D-A75F-4A68-A1C2-4D6CA6FC2123}.Debug|Any CPU.ActiveCfg = Debug|Any CPU
		{C7500D7D-A75F-4A68-A1C2-4D6CA6FC2123}.Debug|Any CPU.Build.0 = Debug|Any CPU
		{C7500D7D-A75F-4A68-A1C2-4D6CA6FC2123}.Release|Any CPU.ActiveCfg = Release|Any CPU
		{C7500D7D-A75F-4A68-A1C2-4D6CA6FC2123}.Release|Any CPU.Build.0 = Release|Any CPU
		{3B876914-9CA9-4713-B406-2ED11F43F2BB}.Debug|Any CPU.ActiveCfg = Debug|Any CPU
		{3B876914-9CA9-4713-B406-2ED11F43F2BB}.Debug|Any CPU.Build.0 = Debug|Any CPU
		{3B876914-9CA9-4713-B406-2ED11F43F2BB}.Release|Any CPU.ActiveCfg = Release|Any CPU
		{3B876914-9CA9-4713-B406-2ED11F43F2BB}.Release|Any CPU.Build.0 = Release|Any CPU
		{BB294B6C-85A6-44C7-87E1-1C0163ABB065}.Debug|Any CPU.ActiveCfg = Debug|Any CPU
		{BB294B6C-85A6-44C7-87E1-1C0163ABB065}.Debug|Any CPU.Build.0 = Debug|Any CPU
		{BB294B6C-85A6-44C7-87E1-1C0163ABB065}.Release|Any CPU.ActiveCfg = Release|Any CPU
		{BB294B6C-85A6-44C7-87E1-1C0163ABB065}.Release|Any CPU.Build.0 = Release|Any CPU
		{3E3529FD-4C47-4A41-B946-124DF4FDEEB9}.Debug|Any CPU.ActiveCfg = Debug|Any CPU
		{3E3529FD-4C47-4A41-B946-124DF4FDEEB9}.Debug|Any CPU.Build.0 = Debug|Any CPU
		{3E3529FD-4C47-4A41-B946-124DF4FDEEB9}.Release|Any CPU.ActiveCfg = Release|Any CPU
		{3E3529FD-4C47-4A41-B946-124DF4FDEEB9}.Release|Any CPU.Build.0 = Release|Any CPU
		{F867A5F1-653B-4E4B-919B-B6CDA492F2C7}.Debug|Any CPU.ActiveCfg = Debug|Any CPU
		{F867A5F1-653B-4E4B-919B-B6CDA492F2C7}.Debug|Any CPU.Build.0 = Debug|Any CPU
		{F867A5F1-653B-4E4B-919B-B6CDA492F2C7}.Release|Any CPU.ActiveCfg = Release|Any CPU
		{F867A5F1-653B-4E4B-919B-B6CDA492F2C7}.Release|Any CPU.Build.0 = Release|Any CPU
		{25E40877-EDB0-449D-B24D-815D837A4E7E}.Debug|Any CPU.ActiveCfg = Debug|Any CPU
		{25E40877-EDB0-449D-B24D-815D837A4E7E}.Debug|Any CPU.Build.0 = Debug|Any CPU
		{25E40877-EDB0-449D-B24D-815D837A4E7E}.Release|Any CPU.ActiveCfg = Release|Any CPU
		{25E40877-EDB0-449D-B24D-815D837A4E7E}.Release|Any CPU.Build.0 = Release|Any CPU
		{4BA718CB-A82B-472C-800B-853D531E686B}.Debug|Any CPU.ActiveCfg = Debug|Any CPU
		{4BA718CB-A82B-472C-800B-853D531E686B}.Debug|Any CPU.Build.0 = Debug|Any CPU
		{4BA718CB-A82B-472C-800B-853D531E686B}.Release|Any CPU.ActiveCfg = Release|Any CPU
		{4BA718CB-A82B-472C-800B-853D531E686B}.Release|Any CPU.Build.0 = Release|Any CPU
		{E4138C4A-2A46-4B87-8644-4D5E586D5D94}.Debug|Any CPU.ActiveCfg = Debug|Any CPU
		{E4138C4A-2A46-4B87-8644-4D5E586D5D94}.Debug|Any CPU.Build.0 = Debug|Any CPU
		{E4138C4A-2A46-4B87-8644-4D5E586D5D94}.Release|Any CPU.ActiveCfg = Release|Any CPU
		{E4138C4A-2A46-4B87-8644-4D5E586D5D94}.Release|Any CPU.Build.0 = Release|Any CPU
		{0F6F5789-6663-4D96-9A45-DB57ABB3F081}.Debug|Any CPU.ActiveCfg = Debug|Any CPU
		{0F6F5789-6663-4D96-9A45-DB57ABB3F081}.Debug|Any CPU.Build.0 = Debug|Any CPU
		{0F6F5789-6663-4D96-9A45-DB57ABB3F081}.Release|Any CPU.ActiveCfg = Release|Any CPU
		{0F6F5789-6663-4D96-9A45-DB57ABB3F081}.Release|Any CPU.Build.0 = Release|Any CPU
		{07E7BCCE-9313-4407-834D-B0084092A38F}.Debug|Any CPU.ActiveCfg = Debug|Any CPU
		{07E7BCCE-9313-4407-834D-B0084092A38F}.Debug|Any CPU.Build.0 = Debug|Any CPU
		{07E7BCCE-9313-4407-834D-B0084092A38F}.Release|Any CPU.ActiveCfg = Release|Any CPU
		{07E7BCCE-9313-4407-834D-B0084092A38F}.Release|Any CPU.Build.0 = Release|Any CPU
		{03B3D82E-C650-484F-BB05-4492780CF302}.Debug|Any CPU.ActiveCfg = Debug|Any CPU
		{03B3D82E-C650-484F-BB05-4492780CF302}.Debug|Any CPU.Build.0 = Debug|Any CPU
		{03B3D82E-C650-484F-BB05-4492780CF302}.Release|Any CPU.ActiveCfg = Release|Any CPU
		{03B3D82E-C650-484F-BB05-4492780CF302}.Release|Any CPU.Build.0 = Release|Any CPU
		{BC8D135E-5B22-443C-87B5-FC2ABDDA1DE0}.Debug|Any CPU.ActiveCfg = Debug|Any CPU
		{BC8D135E-5B22-443C-87B5-FC2ABDDA1DE0}.Debug|Any CPU.Build.0 = Debug|Any CPU
		{BC8D135E-5B22-443C-87B5-FC2ABDDA1DE0}.Release|Any CPU.ActiveCfg = Release|Any CPU
		{BC8D135E-5B22-443C-87B5-FC2ABDDA1DE0}.Release|Any CPU.Build.0 = Release|Any CPU
		{3F8A6193-5EBB-432C-9FD4-234B298A60F3}.Debug|Any CPU.ActiveCfg = Debug|Any CPU
		{3F8A6193-5EBB-432C-9FD4-234B298A60F3}.Debug|Any CPU.Build.0 = Debug|Any CPU
		{3F8A6193-5EBB-432C-9FD4-234B298A60F3}.Release|Any CPU.ActiveCfg = Release|Any CPU
		{3F8A6193-5EBB-432C-9FD4-234B298A60F3}.Release|Any CPU.Build.0 = Release|Any CPU
		{E2725AA6-B17B-4D12-990F-B0A1005A98D7}.Debug|Any CPU.ActiveCfg = Debug|Any CPU
		{E2725AA6-B17B-4D12-990F-B0A1005A98D7}.Debug|Any CPU.Build.0 = Debug|Any CPU
		{E2725AA6-B17B-4D12-990F-B0A1005A98D7}.Release|Any CPU.ActiveCfg = Release|Any CPU
		{E2725AA6-B17B-4D12-990F-B0A1005A98D7}.Release|Any CPU.Build.0 = Release|Any CPU
		{2077430A-D7F8-4BAC-95AC-CDBC9E9DF4CC}.Debug|Any CPU.ActiveCfg = Debug|Any CPU
		{2077430A-D7F8-4BAC-95AC-CDBC9E9DF4CC}.Debug|Any CPU.Build.0 = Debug|Any CPU
		{2077430A-D7F8-4BAC-95AC-CDBC9E9DF4CC}.Release|Any CPU.ActiveCfg = Release|Any CPU
		{2077430A-D7F8-4BAC-95AC-CDBC9E9DF4CC}.Release|Any CPU.Build.0 = Release|Any CPU
		{09510A42-EE17-4492-8708-4866B24D8F31}.Debug|Any CPU.ActiveCfg = Debug|Any CPU
		{09510A42-EE17-4492-8708-4866B24D8F31}.Debug|Any CPU.Build.0 = Debug|Any CPU
		{09510A42-EE17-4492-8708-4866B24D8F31}.Release|Any CPU.ActiveCfg = Release|Any CPU
		{09510A42-EE17-4492-8708-4866B24D8F31}.Release|Any CPU.Build.0 = Release|Any CPU
		{7319582E-B2D3-4F47-8EEB-8501A013A574}.Debug|Any CPU.ActiveCfg = Debug|Any CPU
		{7319582E-B2D3-4F47-8EEB-8501A013A574}.Debug|Any CPU.Build.0 = Debug|Any CPU
		{7319582E-B2D3-4F47-8EEB-8501A013A574}.Release|Any CPU.ActiveCfg = Release|Any CPU
		{7319582E-B2D3-4F47-8EEB-8501A013A574}.Release|Any CPU.Build.0 = Release|Any CPU
		{7A9849B9-8C4A-4F08-B72F-9AD37CB6AC54}.Debug|Any CPU.ActiveCfg = Debug|Any CPU
		{7A9849B9-8C4A-4F08-B72F-9AD37CB6AC54}.Debug|Any CPU.Build.0 = Debug|Any CPU
		{7A9849B9-8C4A-4F08-B72F-9AD37CB6AC54}.Release|Any CPU.ActiveCfg = Release|Any CPU
		{7A9849B9-8C4A-4F08-B72F-9AD37CB6AC54}.Release|Any CPU.Build.0 = Release|Any CPU
		{CE5701DC-BF48-45FC-8D07-817149ED5926}.Debug|Any CPU.ActiveCfg = Debug|Any CPU
		{CE5701DC-BF48-45FC-8D07-817149ED5926}.Debug|Any CPU.Build.0 = Debug|Any CPU
		{CE5701DC-BF48-45FC-8D07-817149ED5926}.Release|Any CPU.ActiveCfg = Release|Any CPU
		{CE5701DC-BF48-45FC-8D07-817149ED5926}.Release|Any CPU.Build.0 = Release|Any CPU
		{56AC03C3-5E7D-49DD-ABB7-510A0FC394A6}.Debug|Any CPU.ActiveCfg = Debug|Any CPU
		{56AC03C3-5E7D-49DD-ABB7-510A0FC394A6}.Debug|Any CPU.Build.0 = Debug|Any CPU
		{56AC03C3-5E7D-49DD-ABB7-510A0FC394A6}.Release|Any CPU.ActiveCfg = Release|Any CPU
		{56AC03C3-5E7D-49DD-ABB7-510A0FC394A6}.Release|Any CPU.Build.0 = Release|Any CPU
		{40F8C47C-72DB-4F94-BFFC-791D901877A7}.Debug|Any CPU.ActiveCfg = Debug|Any CPU
		{40F8C47C-72DB-4F94-BFFC-791D901877A7}.Debug|Any CPU.Build.0 = Debug|Any CPU
		{40F8C47C-72DB-4F94-BFFC-791D901877A7}.Release|Any CPU.ActiveCfg = Release|Any CPU
		{40F8C47C-72DB-4F94-BFFC-791D901877A7}.Release|Any CPU.Build.0 = Release|Any CPU
		{0C647531-00BF-4FEB-8837-5049A53DA39C}.Debug|Any CPU.ActiveCfg = Debug|Any CPU
		{0C647531-00BF-4FEB-8837-5049A53DA39C}.Debug|Any CPU.Build.0 = Debug|Any CPU
		{0C647531-00BF-4FEB-8837-5049A53DA39C}.Release|Any CPU.ActiveCfg = Release|Any CPU
		{0C647531-00BF-4FEB-8837-5049A53DA39C}.Release|Any CPU.Build.0 = Release|Any CPU
		{F17D9068-A68C-468A-A5F6-780890DDA4F7}.Debug|Any CPU.ActiveCfg = Debug|Any CPU
		{F17D9068-A68C-468A-A5F6-780890DDA4F7}.Debug|Any CPU.Build.0 = Debug|Any CPU
		{F17D9068-A68C-468A-A5F6-780890DDA4F7}.Release|Any CPU.ActiveCfg = Release|Any CPU
		{F17D9068-A68C-468A-A5F6-780890DDA4F7}.Release|Any CPU.Build.0 = Release|Any CPU
		{1A922EA8-8D57-4E1F-A9E1-36DECFA0D746}.Debug|Any CPU.ActiveCfg = Debug|Any CPU
		{1A922EA8-8D57-4E1F-A9E1-36DECFA0D746}.Debug|Any CPU.Build.0 = Debug|Any CPU
		{1A922EA8-8D57-4E1F-A9E1-36DECFA0D746}.Release|Any CPU.ActiveCfg = Release|Any CPU
		{1A922EA8-8D57-4E1F-A9E1-36DECFA0D746}.Release|Any CPU.Build.0 = Release|Any CPU
		{061099EA-7944-4E49-9743-0E83FB2A9316}.Debug|Any CPU.ActiveCfg = Debug|Any CPU
		{061099EA-7944-4E49-9743-0E83FB2A9316}.Debug|Any CPU.Build.0 = Debug|Any CPU
		{061099EA-7944-4E49-9743-0E83FB2A9316}.Release|Any CPU.ActiveCfg = Release|Any CPU
		{061099EA-7944-4E49-9743-0E83FB2A9316}.Release|Any CPU.Build.0 = Release|Any CPU
		{4D749E17-8290-4816-A899-5B880CC34C7A}.Debug|Any CPU.ActiveCfg = Debug|Any CPU
		{4D749E17-8290-4816-A899-5B880CC34C7A}.Debug|Any CPU.Build.0 = Debug|Any CPU
		{4D749E17-8290-4816-A899-5B880CC34C7A}.Release|Any CPU.ActiveCfg = Release|Any CPU
		{4D749E17-8290-4816-A899-5B880CC34C7A}.Release|Any CPU.Build.0 = Release|Any CPU
		{812F16B4-E842-40A0-AA82-A7872E891260}.Debug|Any CPU.ActiveCfg = Debug|Any CPU
		{812F16B4-E842-40A0-AA82-A7872E891260}.Debug|Any CPU.Build.0 = Debug|Any CPU
		{812F16B4-E842-40A0-AA82-A7872E891260}.Release|Any CPU.ActiveCfg = Release|Any CPU
		{812F16B4-E842-40A0-AA82-A7872E891260}.Release|Any CPU.Build.0 = Release|Any CPU
		{590BF56C-F1C3-485C-A2D3-3E066F47DE10}.Debug|Any CPU.ActiveCfg = Debug|Any CPU
		{590BF56C-F1C3-485C-A2D3-3E066F47DE10}.Debug|Any CPU.Build.0 = Debug|Any CPU
		{590BF56C-F1C3-485C-A2D3-3E066F47DE10}.Release|Any CPU.ActiveCfg = Release|Any CPU
		{590BF56C-F1C3-485C-A2D3-3E066F47DE10}.Release|Any CPU.Build.0 = Release|Any CPU
		{659BC26D-C564-418A-85B6-A324C6B0C5EE}.Debug|Any CPU.ActiveCfg = Debug|Any CPU
		{659BC26D-C564-418A-85B6-A324C6B0C5EE}.Debug|Any CPU.Build.0 = Debug|Any CPU
		{659BC26D-C564-418A-85B6-A324C6B0C5EE}.Release|Any CPU.ActiveCfg = Release|Any CPU
		{659BC26D-C564-418A-85B6-A324C6B0C5EE}.Release|Any CPU.Build.0 = Release|Any CPU
		{0F08467D-8F52-4FAD-A66A-3AB8B52E7829}.Debug|Any CPU.ActiveCfg = Debug|Any CPU
		{0F08467D-8F52-4FAD-A66A-3AB8B52E7829}.Debug|Any CPU.Build.0 = Debug|Any CPU
		{0F08467D-8F52-4FAD-A66A-3AB8B52E7829}.Release|Any CPU.ActiveCfg = Release|Any CPU
		{0F08467D-8F52-4FAD-A66A-3AB8B52E7829}.Release|Any CPU.Build.0 = Release|Any CPU
		{689D3449-9704-4B94-8E16-B1E37E5BE31E}.Debug|Any CPU.ActiveCfg = Debug|Any CPU
		{689D3449-9704-4B94-8E16-B1E37E5BE31E}.Debug|Any CPU.Build.0 = Debug|Any CPU
		{689D3449-9704-4B94-8E16-B1E37E5BE31E}.Release|Any CPU.ActiveCfg = Release|Any CPU
		{689D3449-9704-4B94-8E16-B1E37E5BE31E}.Release|Any CPU.Build.0 = Release|Any CPU
		{5AE9E8C6-2588-4F43-B8B0-B01CAEA2EE33}.Debug|Any CPU.ActiveCfg = Debug|Any CPU
		{5AE9E8C6-2588-4F43-B8B0-B01CAEA2EE33}.Debug|Any CPU.Build.0 = Debug|Any CPU
		{5AE9E8C6-2588-4F43-B8B0-B01CAEA2EE33}.Release|Any CPU.ActiveCfg = Release|Any CPU
		{5AE9E8C6-2588-4F43-B8B0-B01CAEA2EE33}.Release|Any CPU.Build.0 = Release|Any CPU
		{7235458B-F75B-4926-81FF-A98BFBC07675}.Debug|Any CPU.ActiveCfg = Debug|Any CPU
		{7235458B-F75B-4926-81FF-A98BFBC07675}.Debug|Any CPU.Build.0 = Debug|Any CPU
		{7235458B-F75B-4926-81FF-A98BFBC07675}.Release|Any CPU.ActiveCfg = Release|Any CPU
		{7235458B-F75B-4926-81FF-A98BFBC07675}.Release|Any CPU.Build.0 = Release|Any CPU
		{A5CCC412-E3E7-41F8-AEBE-2323D8885698}.Debug|Any CPU.ActiveCfg = Debug|Any CPU
		{A5CCC412-E3E7-41F8-AEBE-2323D8885698}.Debug|Any CPU.Build.0 = Debug|Any CPU
		{A5CCC412-E3E7-41F8-AEBE-2323D8885698}.Release|Any CPU.ActiveCfg = Release|Any CPU
		{A5CCC412-E3E7-41F8-AEBE-2323D8885698}.Release|Any CPU.Build.0 = Release|Any CPU
		{141E03C2-BC85-4F74-9750-A87ADFBAA823}.Debug|Any CPU.ActiveCfg = Debug|Any CPU
		{141E03C2-BC85-4F74-9750-A87ADFBAA823}.Debug|Any CPU.Build.0 = Debug|Any CPU
		{141E03C2-BC85-4F74-9750-A87ADFBAA823}.Release|Any CPU.ActiveCfg = Release|Any CPU
		{141E03C2-BC85-4F74-9750-A87ADFBAA823}.Release|Any CPU.Build.0 = Release|Any CPU
		{5DC77DD1-77F3-4E0C-8A67-FE2AD72C919A}.Debug|Any CPU.ActiveCfg = Debug|Any CPU
		{5DC77DD1-77F3-4E0C-8A67-FE2AD72C919A}.Debug|Any CPU.Build.0 = Debug|Any CPU
		{5DC77DD1-77F3-4E0C-8A67-FE2AD72C919A}.Release|Any CPU.ActiveCfg = Release|Any CPU
		{5DC77DD1-77F3-4E0C-8A67-FE2AD72C919A}.Release|Any CPU.Build.0 = Release|Any CPU
		{213BFE04-E543-4090-902F-7D97498E3050}.Debug|Any CPU.ActiveCfg = Debug|Any CPU
		{213BFE04-E543-4090-902F-7D97498E3050}.Debug|Any CPU.Build.0 = Debug|Any CPU
		{213BFE04-E543-4090-902F-7D97498E3050}.Release|Any CPU.ActiveCfg = Release|Any CPU
		{213BFE04-E543-4090-902F-7D97498E3050}.Release|Any CPU.Build.0 = Release|Any CPU
		{25707337-2676-43A3-A69F-54DC0097AF54}.Debug|Any CPU.ActiveCfg = Debug|Any CPU
		{25707337-2676-43A3-A69F-54DC0097AF54}.Debug|Any CPU.Build.0 = Debug|Any CPU
		{25707337-2676-43A3-A69F-54DC0097AF54}.Release|Any CPU.ActiveCfg = Release|Any CPU
		{25707337-2676-43A3-A69F-54DC0097AF54}.Release|Any CPU.Build.0 = Release|Any CPU
		{C5CCC042-794D-42A2-9586-4576568175FC}.Debug|Any CPU.ActiveCfg = Debug|Any CPU
		{C5CCC042-794D-42A2-9586-4576568175FC}.Debug|Any CPU.Build.0 = Debug|Any CPU
		{C5CCC042-794D-42A2-9586-4576568175FC}.Release|Any CPU.ActiveCfg = Release|Any CPU
		{C5CCC042-794D-42A2-9586-4576568175FC}.Release|Any CPU.Build.0 = Release|Any CPU
		{3D86C5F3-6F92-43F0-AE79-1746EC8A3EAE}.Debug|Any CPU.ActiveCfg = Debug|Any CPU
		{3D86C5F3-6F92-43F0-AE79-1746EC8A3EAE}.Debug|Any CPU.Build.0 = Debug|Any CPU
		{3D86C5F3-6F92-43F0-AE79-1746EC8A3EAE}.Release|Any CPU.ActiveCfg = Release|Any CPU
		{3D86C5F3-6F92-43F0-AE79-1746EC8A3EAE}.Release|Any CPU.Build.0 = Release|Any CPU
		{4959871F-51C5-449C-B4D9-88A523EF6A9D}.Debug|Any CPU.ActiveCfg = Debug|Any CPU
		{4959871F-51C5-449C-B4D9-88A523EF6A9D}.Debug|Any CPU.Build.0 = Debug|Any CPU
		{4959871F-51C5-449C-B4D9-88A523EF6A9D}.Release|Any CPU.ActiveCfg = Release|Any CPU
		{4959871F-51C5-449C-B4D9-88A523EF6A9D}.Release|Any CPU.Build.0 = Release|Any CPU
		{38D6B9C5-44D6-4B62-99EB-D613C47F98DF}.Debug|Any CPU.ActiveCfg = Debug|Any CPU
		{38D6B9C5-44D6-4B62-99EB-D613C47F98DF}.Debug|Any CPU.Build.0 = Debug|Any CPU
		{38D6B9C5-44D6-4B62-99EB-D613C47F98DF}.Release|Any CPU.ActiveCfg = Release|Any CPU
		{38D6B9C5-44D6-4B62-99EB-D613C47F98DF}.Release|Any CPU.Build.0 = Release|Any CPU
		{661AA968-441A-4650-9819-FA69A58ECE58}.Debug|Any CPU.ActiveCfg = Debug|Any CPU
		{661AA968-441A-4650-9819-FA69A58ECE58}.Debug|Any CPU.Build.0 = Debug|Any CPU
		{661AA968-441A-4650-9819-FA69A58ECE58}.Release|Any CPU.ActiveCfg = Release|Any CPU
		{661AA968-441A-4650-9819-FA69A58ECE58}.Release|Any CPU.Build.0 = Release|Any CPU
		{D3F30343-6F78-49E9-8BC5-518C25077514}.Debug|Any CPU.ActiveCfg = Debug|Any CPU
		{D3F30343-6F78-49E9-8BC5-518C25077514}.Debug|Any CPU.Build.0 = Debug|Any CPU
		{D3F30343-6F78-49E9-8BC5-518C25077514}.Release|Any CPU.ActiveCfg = Release|Any CPU
		{D3F30343-6F78-49E9-8BC5-518C25077514}.Release|Any CPU.Build.0 = Release|Any CPU
		{548D87B4-2BA7-4F97-A96B-11DBB23426CD}.Debug|Any CPU.ActiveCfg = Debug|Any CPU
		{548D87B4-2BA7-4F97-A96B-11DBB23426CD}.Debug|Any CPU.Build.0 = Debug|Any CPU
		{548D87B4-2BA7-4F97-A96B-11DBB23426CD}.Release|Any CPU.ActiveCfg = Release|Any CPU
		{548D87B4-2BA7-4F97-A96B-11DBB23426CD}.Release|Any CPU.Build.0 = Release|Any CPU
		{4714A584-BAD6-458E-9A51-65CBA5DEDE43}.Debug|Any CPU.ActiveCfg = Debug|Any CPU
		{4714A584-BAD6-458E-9A51-65CBA5DEDE43}.Debug|Any CPU.Build.0 = Debug|Any CPU
		{4714A584-BAD6-458E-9A51-65CBA5DEDE43}.Release|Any CPU.ActiveCfg = Release|Any CPU
		{4714A584-BAD6-458E-9A51-65CBA5DEDE43}.Release|Any CPU.Build.0 = Release|Any CPU
		{6E113E41-9CDF-485A-9B1B-FC067C83F3D1}.Debug|Any CPU.ActiveCfg = Debug|Any CPU
		{6E113E41-9CDF-485A-9B1B-FC067C83F3D1}.Debug|Any CPU.Build.0 = Debug|Any CPU
		{6E113E41-9CDF-485A-9B1B-FC067C83F3D1}.Release|Any CPU.ActiveCfg = Release|Any CPU
		{6E113E41-9CDF-485A-9B1B-FC067C83F3D1}.Release|Any CPU.Build.0 = Release|Any CPU
		{29D68968-41AA-4D8F-9AB5-017B9B2EFCBB}.Debug|Any CPU.ActiveCfg = Debug|Any CPU
		{29D68968-41AA-4D8F-9AB5-017B9B2EFCBB}.Debug|Any CPU.Build.0 = Debug|Any CPU
		{29D68968-41AA-4D8F-9AB5-017B9B2EFCBB}.Release|Any CPU.ActiveCfg = Release|Any CPU
		{29D68968-41AA-4D8F-9AB5-017B9B2EFCBB}.Release|Any CPU.Build.0 = Release|Any CPU
		{8CAA41B6-73BB-4FE5-A44E-51CB889942C9}.Debug|Any CPU.ActiveCfg = Debug|Any CPU
		{8CAA41B6-73BB-4FE5-A44E-51CB889942C9}.Debug|Any CPU.Build.0 = Debug|Any CPU
		{8CAA41B6-73BB-4FE5-A44E-51CB889942C9}.Release|Any CPU.ActiveCfg = Release|Any CPU
		{8CAA41B6-73BB-4FE5-A44E-51CB889942C9}.Release|Any CPU.Build.0 = Release|Any CPU
		{13E6731A-079F-47BE-91FD-909BC282B049}.Debug|Any CPU.ActiveCfg = Debug|Any CPU
		{13E6731A-079F-47BE-91FD-909BC282B049}.Debug|Any CPU.Build.0 = Debug|Any CPU
		{13E6731A-079F-47BE-91FD-909BC282B049}.Release|Any CPU.ActiveCfg = Release|Any CPU
		{13E6731A-079F-47BE-91FD-909BC282B049}.Release|Any CPU.Build.0 = Release|Any CPU
		{6523D60E-66BD-40C7-A31F-449F2B36B487}.Debug|Any CPU.ActiveCfg = Debug|Any CPU
		{6523D60E-66BD-40C7-A31F-449F2B36B487}.Debug|Any CPU.Build.0 = Debug|Any CPU
		{6523D60E-66BD-40C7-A31F-449F2B36B487}.Release|Any CPU.ActiveCfg = Release|Any CPU
		{6523D60E-66BD-40C7-A31F-449F2B36B487}.Release|Any CPU.Build.0 = Release|Any CPU
		{1B610205-9F1E-4FAD-BAEE-6649CB7CA958}.Debug|Any CPU.ActiveCfg = Debug|Any CPU
		{1B610205-9F1E-4FAD-BAEE-6649CB7CA958}.Debug|Any CPU.Build.0 = Debug|Any CPU
		{1B610205-9F1E-4FAD-BAEE-6649CB7CA958}.Release|Any CPU.ActiveCfg = Release|Any CPU
		{1B610205-9F1E-4FAD-BAEE-6649CB7CA958}.Release|Any CPU.Build.0 = Release|Any CPU
		{AEA08D07-9226-476A-91C2-A9E0C6642B89}.Debug|Any CPU.ActiveCfg = Debug|Any CPU
		{AEA08D07-9226-476A-91C2-A9E0C6642B89}.Debug|Any CPU.Build.0 = Debug|Any CPU
		{AEA08D07-9226-476A-91C2-A9E0C6642B89}.Release|Any CPU.ActiveCfg = Release|Any CPU
		{AEA08D07-9226-476A-91C2-A9E0C6642B89}.Release|Any CPU.Build.0 = Release|Any CPU
		{97652934-183F-433F-A15D-0BE1B219B5E7}.Debug|Any CPU.ActiveCfg = Debug|Any CPU
		{97652934-183F-433F-A15D-0BE1B219B5E7}.Debug|Any CPU.Build.0 = Debug|Any CPU
		{97652934-183F-433F-A15D-0BE1B219B5E7}.Release|Any CPU.ActiveCfg = Release|Any CPU
		{97652934-183F-433F-A15D-0BE1B219B5E7}.Release|Any CPU.Build.0 = Release|Any CPU
		{4E5F4F92-1F26-4A2F-9F7A-2164D4336937}.Debug|Any CPU.ActiveCfg = Debug|Any CPU
		{4E5F4F92-1F26-4A2F-9F7A-2164D4336937}.Debug|Any CPU.Build.0 = Debug|Any CPU
		{4E5F4F92-1F26-4A2F-9F7A-2164D4336937}.Release|Any CPU.ActiveCfg = Release|Any CPU
		{4E5F4F92-1F26-4A2F-9F7A-2164D4336937}.Release|Any CPU.Build.0 = Release|Any CPU
		{7D6855AE-ADA6-4A5B-AB0E-0A913C7F3B4B}.Debug|Any CPU.ActiveCfg = Debug|Any CPU
		{7D6855AE-ADA6-4A5B-AB0E-0A913C7F3B4B}.Debug|Any CPU.Build.0 = Debug|Any CPU
		{7D6855AE-ADA6-4A5B-AB0E-0A913C7F3B4B}.Release|Any CPU.ActiveCfg = Release|Any CPU
		{7D6855AE-ADA6-4A5B-AB0E-0A913C7F3B4B}.Release|Any CPU.Build.0 = Release|Any CPU
		{FFA7A0E0-1DBA-471A-92F6-D65CE8A463C3}.Debug|Any CPU.ActiveCfg = Debug|Any CPU
		{FFA7A0E0-1DBA-471A-92F6-D65CE8A463C3}.Debug|Any CPU.Build.0 = Debug|Any CPU
		{FFA7A0E0-1DBA-471A-92F6-D65CE8A463C3}.Release|Any CPU.ActiveCfg = Release|Any CPU
		{FFA7A0E0-1DBA-471A-92F6-D65CE8A463C3}.Release|Any CPU.Build.0 = Release|Any CPU
		{704EAEE7-8117-4B36-9C23-B6F8F4AFE5FA}.Debug|Any CPU.ActiveCfg = Debug|Any CPU
		{704EAEE7-8117-4B36-9C23-B6F8F4AFE5FA}.Debug|Any CPU.Build.0 = Debug|Any CPU
		{704EAEE7-8117-4B36-9C23-B6F8F4AFE5FA}.Release|Any CPU.ActiveCfg = Release|Any CPU
		{704EAEE7-8117-4B36-9C23-B6F8F4AFE5FA}.Release|Any CPU.Build.0 = Release|Any CPU
		{541F40CB-BDAB-4FDC-A467-CD6A3E7FD589}.Debug|Any CPU.ActiveCfg = Debug|Any CPU
		{541F40CB-BDAB-4FDC-A467-CD6A3E7FD589}.Debug|Any CPU.Build.0 = Debug|Any CPU
		{541F40CB-BDAB-4FDC-A467-CD6A3E7FD589}.Release|Any CPU.ActiveCfg = Release|Any CPU
		{541F40CB-BDAB-4FDC-A467-CD6A3E7FD589}.Release|Any CPU.Build.0 = Release|Any CPU
		{A23F1EE2-81CF-4576-9C28-5E45BB057FF1}.Debug|Any CPU.ActiveCfg = Debug|Any CPU
		{A23F1EE2-81CF-4576-9C28-5E45BB057FF1}.Debug|Any CPU.Build.0 = Debug|Any CPU
		{A23F1EE2-81CF-4576-9C28-5E45BB057FF1}.Release|Any CPU.ActiveCfg = Release|Any CPU
		{A23F1EE2-81CF-4576-9C28-5E45BB057FF1}.Release|Any CPU.Build.0 = Release|Any CPU
		{3A42F9AB-FD26-42FA-A70B-1F84CE8A9602}.Debug|Any CPU.ActiveCfg = Debug|Any CPU
		{3A42F9AB-FD26-42FA-A70B-1F84CE8A9602}.Debug|Any CPU.Build.0 = Debug|Any CPU
		{3A42F9AB-FD26-42FA-A70B-1F84CE8A9602}.Release|Any CPU.ActiveCfg = Release|Any CPU
		{3A42F9AB-FD26-42FA-A70B-1F84CE8A9602}.Release|Any CPU.Build.0 = Release|Any CPU
		{32930F2D-6F67-4E5F-82C6-5A02766CB59F}.Debug|Any CPU.ActiveCfg = Debug|Any CPU
		{32930F2D-6F67-4E5F-82C6-5A02766CB59F}.Debug|Any CPU.Build.0 = Debug|Any CPU
		{32930F2D-6F67-4E5F-82C6-5A02766CB59F}.Release|Any CPU.ActiveCfg = Release|Any CPU
		{32930F2D-6F67-4E5F-82C6-5A02766CB59F}.Release|Any CPU.Build.0 = Release|Any CPU
		{8B963337-5666-458E-81EE-DC6056CB30A0}.Debug|Any CPU.ActiveCfg = Debug|Any CPU
		{8B963337-5666-458E-81EE-DC6056CB30A0}.Debug|Any CPU.Build.0 = Debug|Any CPU
		{8B963337-5666-458E-81EE-DC6056CB30A0}.Release|Any CPU.ActiveCfg = Release|Any CPU
		{8B963337-5666-458E-81EE-DC6056CB30A0}.Release|Any CPU.Build.0 = Release|Any CPU
		{3ED51772-CE66-4FED-ABFA-1B94980EC0AE}.Debug|Any CPU.ActiveCfg = Debug|Any CPU
		{3ED51772-CE66-4FED-ABFA-1B94980EC0AE}.Debug|Any CPU.Build.0 = Debug|Any CPU
		{3ED51772-CE66-4FED-ABFA-1B94980EC0AE}.Release|Any CPU.ActiveCfg = Release|Any CPU
		{3ED51772-CE66-4FED-ABFA-1B94980EC0AE}.Release|Any CPU.Build.0 = Release|Any CPU
		{88C0BE8C-E483-487D-A097-F243262437E9}.Debug|Any CPU.ActiveCfg = Debug|Any CPU
		{88C0BE8C-E483-487D-A097-F243262437E9}.Debug|Any CPU.Build.0 = Debug|Any CPU
		{88C0BE8C-E483-487D-A097-F243262437E9}.Release|Any CPU.ActiveCfg = Release|Any CPU
		{88C0BE8C-E483-487D-A097-F243262437E9}.Release|Any CPU.Build.0 = Release|Any CPU
		{4EBB0092-7412-4F88-96CB-35023C68F546}.Debug|Any CPU.ActiveCfg = Debug|Any CPU
		{4EBB0092-7412-4F88-96CB-35023C68F546}.Debug|Any CPU.Build.0 = Debug|Any CPU
		{4EBB0092-7412-4F88-96CB-35023C68F546}.Release|Any CPU.ActiveCfg = Release|Any CPU
		{4EBB0092-7412-4F88-96CB-35023C68F546}.Release|Any CPU.Build.0 = Release|Any CPU
		{DF2EA17A-D517-4FBE-986D-D3A78516DD46}.Debug|Any CPU.ActiveCfg = Debug|Any CPU
		{DF2EA17A-D517-4FBE-986D-D3A78516DD46}.Debug|Any CPU.Build.0 = Debug|Any CPU
		{DF2EA17A-D517-4FBE-986D-D3A78516DD46}.Release|Any CPU.ActiveCfg = Release|Any CPU
		{DF2EA17A-D517-4FBE-986D-D3A78516DD46}.Release|Any CPU.Build.0 = Release|Any CPU
		{D74BCDEE-A856-487E-A69D-864F8B027D97}.Debug|Any CPU.ActiveCfg = Debug|Any CPU
		{D74BCDEE-A856-487E-A69D-864F8B027D97}.Debug|Any CPU.Build.0 = Debug|Any CPU
		{D74BCDEE-A856-487E-A69D-864F8B027D97}.Release|Any CPU.ActiveCfg = Release|Any CPU
		{D74BCDEE-A856-487E-A69D-864F8B027D97}.Release|Any CPU.Build.0 = Release|Any CPU
		{D7450C58-9A56-48DB-8A06-1B8B8A627F63}.Debug|Any CPU.ActiveCfg = Debug|Any CPU
		{D7450C58-9A56-48DB-8A06-1B8B8A627F63}.Debug|Any CPU.Build.0 = Debug|Any CPU
		{D7450C58-9A56-48DB-8A06-1B8B8A627F63}.Release|Any CPU.ActiveCfg = Release|Any CPU
		{D7450C58-9A56-48DB-8A06-1B8B8A627F63}.Release|Any CPU.Build.0 = Release|Any CPU
		{A805BDA2-D680-4F0B-9AEB-EFD6EF7E4F81}.Debug|Any CPU.ActiveCfg = Debug|Any CPU
		{A805BDA2-D680-4F0B-9AEB-EFD6EF7E4F81}.Debug|Any CPU.Build.0 = Debug|Any CPU
		{A805BDA2-D680-4F0B-9AEB-EFD6EF7E4F81}.Release|Any CPU.ActiveCfg = Release|Any CPU
		{A805BDA2-D680-4F0B-9AEB-EFD6EF7E4F81}.Release|Any CPU.Build.0 = Release|Any CPU
		{BB209B0D-AF13-4293-AB60-CEF7B8396CAB}.Debug|Any CPU.ActiveCfg = Debug|Any CPU
		{BB209B0D-AF13-4293-AB60-CEF7B8396CAB}.Debug|Any CPU.Build.0 = Debug|Any CPU
		{BB209B0D-AF13-4293-AB60-CEF7B8396CAB}.Release|Any CPU.ActiveCfg = Release|Any CPU
		{BB209B0D-AF13-4293-AB60-CEF7B8396CAB}.Release|Any CPU.Build.0 = Release|Any CPU
		{1FD93393-9FB1-492B-A2C9-ACF50B83EC20}.Debug|Any CPU.ActiveCfg = Debug|Any CPU
		{1FD93393-9FB1-492B-A2C9-ACF50B83EC20}.Debug|Any CPU.Build.0 = Debug|Any CPU
		{1FD93393-9FB1-492B-A2C9-ACF50B83EC20}.Release|Any CPU.ActiveCfg = Release|Any CPU
		{1FD93393-9FB1-492B-A2C9-ACF50B83EC20}.Release|Any CPU.Build.0 = Release|Any CPU
		{495C84D7-FD3A-4EEF-A83F-87A13A74CB9C}.Debug|Any CPU.ActiveCfg = Debug|Any CPU
		{495C84D7-FD3A-4EEF-A83F-87A13A74CB9C}.Debug|Any CPU.Build.0 = Debug|Any CPU
		{495C84D7-FD3A-4EEF-A83F-87A13A74CB9C}.Release|Any CPU.ActiveCfg = Release|Any CPU
		{495C84D7-FD3A-4EEF-A83F-87A13A74CB9C}.Release|Any CPU.Build.0 = Release|Any CPU
	EndGlobalSection
	GlobalSection(SolutionProperties) = preSolution
		HideSolutionNode = FALSE
	EndGlobalSection
	GlobalSection(ExtensibilityGlobals) = postSolution
		SolutionGuid = {6D95005A-EED8-46FB-A768-B798F0CB23C1}
	EndGlobalSection
	GlobalSection(NestedProjects) = preSolution
		{DAEF7600-3BEE-4977-989E-471EC5A85329} = {DAEF7600-3BEE-4977-989E-471EC5A85329}
		{590BF56C-F1C3-485C-A2D3-3E066F47DE10} = {9118225B-9DBC-4494-878C-B88038466FC5}
		{689D3449-9704-4B94-8E16-B1E37E5BE31E} = {9118225B-9DBC-4494-878C-B88038466FC5}
		{0F08467D-8F52-4FAD-A66A-3AB8B52E7829} = {9118225B-9DBC-4494-878C-B88038466FC5}
		{659BC26D-C564-418A-85B6-A324C6B0C5EE} = {9118225B-9DBC-4494-878C-B88038466FC5}
		{4D749E17-8290-4816-A899-5B880CC34C7A} = {DAEF7600-3BEE-4977-989E-471EC5A85329}
		{1A922EA8-8D57-4E1F-A9E1-36DECFA0D746} = {DAEF7600-3BEE-4977-989E-471EC5A85329}
		{812F16B4-E842-40A0-AA82-A7872E891260} = {DAEF7600-3BEE-4977-989E-471EC5A85329}
		{061099EA-7944-4E49-9743-0E83FB2A9316} = {DAEF7600-3BEE-4977-989E-471EC5A85329}
		{F17D9068-A68C-468A-A5F6-780890DDA4F7} = {DAEF7600-3BEE-4977-989E-471EC5A85329}
		{56AC03C3-5E7D-49DD-ABB7-510A0FC394A6} = {B8C43090-F2AA-4AC2-93A3-CC8F1F2B986E}
		{7A9849B9-8C4A-4F08-B72F-9AD37CB6AC54} = {B8C43090-F2AA-4AC2-93A3-CC8F1F2B986E}
		{7319582E-B2D3-4F47-8EEB-8501A013A574} = {B8C43090-F2AA-4AC2-93A3-CC8F1F2B986E}
		{0C647531-00BF-4FEB-8837-5049A53DA39C} = {B8C43090-F2AA-4AC2-93A3-CC8F1F2B986E}
		{CE5701DC-BF48-45FC-8D07-817149ED5926} = {B8C43090-F2AA-4AC2-93A3-CC8F1F2B986E}
		{2077430A-D7F8-4BAC-95AC-CDBC9E9DF4CC} = {BA65520F-7EB0-441F-B0B0-C12863BF68E8}
		{E2725AA6-B17B-4D12-990F-B0A1005A98D7} = {BA65520F-7EB0-441F-B0B0-C12863BF68E8}
		{09510A42-EE17-4492-8708-4866B24D8F31} = {BA65520F-7EB0-441F-B0B0-C12863BF68E8}
		{3F8A6193-5EBB-432C-9FD4-234B298A60F3} = {BA65520F-7EB0-441F-B0B0-C12863BF68E8}
		{BC8D135E-5B22-443C-87B5-FC2ABDDA1DE0} = {BA65520F-7EB0-441F-B0B0-C12863BF68E8}
		{03B3D82E-C650-484F-BB05-4492780CF302} = {BA65520F-7EB0-441F-B0B0-C12863BF68E8}
		{07E7BCCE-9313-4407-834D-B0084092A38F} = {42624AD2-865C-47EF-A333-1EA9080903AB}
		{0F6F5789-6663-4D96-9A45-DB57ABB3F081} = {42624AD2-865C-47EF-A333-1EA9080903AB}
		{E4138C4A-2A46-4B87-8644-4D5E586D5D94} = {42624AD2-865C-47EF-A333-1EA9080903AB}
		{4BA718CB-A82B-472C-800B-853D531E686B} = {42624AD2-865C-47EF-A333-1EA9080903AB}
		{F867A5F1-653B-4E4B-919B-B6CDA492F2C7} = {5C484F35-BEB6-4C58-9C37-64C710BA7F50}
		{25E40877-EDB0-449D-B24D-815D837A4E7E} = {5C484F35-BEB6-4C58-9C37-64C710BA7F50}
		{5350BE6D-E1AE-49E1-96F3-AE5F4CBBC477} = {B53469D4-A2B7-4CE0-8F0B-9AF12DC468E9}
		{BB294B6C-85A6-44C7-87E1-1C0163ABB065} = {347296B2-A133-46EB-8E40-E76550D20CF6}
		{3E3529FD-4C47-4A41-B946-124DF4FDEEB9} = {347296B2-A133-46EB-8E40-E76550D20CF6}
		{D15F029C-A195-4FDE-ABDA-0EC7D46428B5} = {347296B2-A133-46EB-8E40-E76550D20CF6}
		{C7500D7D-A75F-4A68-A1C2-4D6CA6FC2123} = {347296B2-A133-46EB-8E40-E76550D20CF6}
		{52D1EE3A-41AD-4022-A29C-2DB834BBE765} = {347296B2-A133-46EB-8E40-E76550D20CF6}
		{3B876914-9CA9-4713-B406-2ED11F43F2BB} = {347296B2-A133-46EB-8E40-E76550D20CF6}
		{347296B2-A133-46EB-8E40-E76550D20CF6} = {B53469D4-A2B7-4CE0-8F0B-9AF12DC468E9}
		{BF4EAB95-7711-4C8D-BD96-5C3768B4A1D7} = {B53469D4-A2B7-4CE0-8F0B-9AF12DC468E9}
		{FC743EBE-2C33-48E0-A914-96D659874843} = {B53469D4-A2B7-4CE0-8F0B-9AF12DC468E9}
		{5B5E120D-D64C-40F0-9162-640F456771FB} = {B53469D4-A2B7-4CE0-8F0B-9AF12DC468E9}
		{244DEC64-13F1-47BA-9FE9-F590900EE2E6} = {6E9827EE-D6E0-4E03-829F-D72B32BE66C6}
		{C4D05DD3-899E-4299-8DA7-E9A3A5F4B508} = {6E9827EE-D6E0-4E03-829F-D72B32BE66C6}
		{C02E04A5-40E5-4F6F-B50B-FF6664193854} = {209EF395-8132-4336-8B52-C681C5DEFBE3}
		{F48354E9-DB6D-4BC8-A566-AEC97F45E926} = {209EF395-8132-4336-8B52-C681C5DEFBE3}
		{1646EC77-F27E-4BF4-BDCF-7000342F329F} = {209EF395-8132-4336-8B52-C681C5DEFBE3}
	EndGlobalSection
EndGlobal
