
Microsoft Visual Studio Solution File, Format Version 12.00
# Visual Studio Version 17
VisualStudioVersion = 17.5.002.0
MinimumVisualStudioVersion = 10.0.40219.1
Project("{9A19103F-16F7-4668-BE54-9A1E7A4F7556}") = "Super_Simple_Poker", "Super_Simple_Poker.csproj", "{52CC4126-3D3B-430E-ACBA-EC2375040F69}"
EndProject
Global
	GlobalSection(SolutionConfigurationPlatforms) = preSolution
		Debug|Any CPU = Debug|Any CPU
		Release|Any CPU = Release|Any CPU
	EndGlobalSection
	GlobalSection(ProjectConfigurationPlatforms) = postSolution
		{52CC4126-3D3B-430E-ACBA-EC2375040F69}.Debug|Any CPU.ActiveCfg = Debug|Any CPU
		{52CC4126-3D3B-430E-ACBA-EC2375040F69}.Debug|Any CPU.Build.0 = Debug|Any CPU
		{52CC4126-3D3B-430E-ACBA-EC2375040F69}.Release|Any CPU.ActiveCfg = Release|Any CPU
		{52CC4126-3D3B-430E-ACBA-EC2375040F69}.Release|Any CPU.Build.0 = Release|Any CPU
	EndGlobalSection
	GlobalSection(SolutionProperties) = preSolution
		HideSolutionNode = FALSE
	EndGlobalSection
	GlobalSection(ExtensibilityGlobals) = postSolution
		SolutionGuid = {1E86AAEC-9021-4E87-942B-001C6BED9132}
	EndGlobalSection
EndGlobal
